// !$*UTF8*$!
{
	archiveVersion = 1;
	classes = {
	};
	objectVersion = 50;
	objects = {

/* Begin PBXBuildFile section */
		1B962D41E96D1D522A432F7F /* Pods_WeatherMobileUITests.framework in Frameworks */ = {isa = PBXBuildFile; fileRef = 9471E28C72951985E0EEB43A /* Pods_WeatherMobileUITests.framework */; };
		8F852C86E3AC462A94EECD48 /* Pods_WeatherMobile.framework in Frameworks */ = {isa = PBXBuildFile; fileRef = 813A027D90E426D76550BD24 /* Pods_WeatherMobile.framework */; };
		B9EEBB44860BD36751FDEC5B /* Pods_WeatherMobileTests.framework in Frameworks */ = {isa = PBXBuildFile; fileRef = 6855A49C8815B9087F00D896 /* Pods_WeatherMobileTests.framework */; };
		C34805AE2096287A001E8BE7 /* BaseTest.swift in Sources */ = {isa = PBXBuildFile; fileRef = C34805AD2096287A001E8BE7 /* BaseTest.swift */; };
		C34805B620963D2E001E8BE7 /* BaseUITest.swift in Sources */ = {isa = PBXBuildFile; fileRef = C34805B520963D2E001E8BE7 /* BaseUITest.swift */; };
		C34805B720964461001E8BE7 /* AppDelegate.swift in Sources */ = {isa = PBXBuildFile; fileRef = C36BA3B420915E53003EED7C /* AppDelegate.swift */; };
		C34805B820964464001E8BE7 /* City.swift in Sources */ = {isa = PBXBuildFile; fileRef = C36BA3F72092A166003EED7C /* City.swift */; };
		C34805B920964466001E8BE7 /* CityListView.swift in Sources */ = {isa = PBXBuildFile; fileRef = C36BA3B620915E53003EED7C /* CityListView.swift */; };
		C34805BA20964468001E8BE7 /* CityListPresenter.swift in Sources */ = {isa = PBXBuildFile; fileRef = C36BA3F22092A00D003EED7C /* CityListPresenter.swift */; };
		C34805BB2096446B001E8BE7 /* CityAddView.swift in Sources */ = {isa = PBXBuildFile; fileRef = C36BA3EE2091632A003EED7C /* CityAddView.swift */; };
		C34805BC2096446D001E8BE7 /* CityAddPresenter.swift in Sources */ = {isa = PBXBuildFile; fileRef = C36BA3FF2092B733003EED7C /* CityAddPresenter.swift */; };
		C34805BD2096446F001E8BE7 /* CityAddService.swift in Sources */ = {isa = PBXBuildFile; fileRef = C36BA3FB2092A86D003EED7C /* CityAddService.swift */; };
		C34805BE20964472001E8BE7 /* Main.storyboard in Resources */ = {isa = PBXBuildFile; fileRef = C36BA3B820915E53003EED7C /* Main.storyboard */; };
		C34805BF20964476001E8BE7 /* Assets.xcassets in Resources */ = {isa = PBXBuildFile; fileRef = C36BA3BB20915E55003EED7C /* Assets.xcassets */; };
		C34805C020964479001E8BE7 /* LaunchScreen.storyboard in Resources */ = {isa = PBXBuildFile; fileRef = C36BA3BD20915E55003EED7C /* LaunchScreen.storyboard */; };
		C34805C320964D44001E8BE7 /* city1.json in Resources */ = {isa = PBXBuildFile; fileRef = C34805AF20962967001E8BE7 /* city1.json */; };
		C34805C420964E00001E8BE7 /* city2.json in Resources */ = {isa = PBXBuildFile; fileRef = C34805B020962968001E8BE7 /* city2.json */; };
		C34805C520964E03001E8BE7 /* city3.json in Resources */ = {isa = PBXBuildFile; fileRef = C34805B120962968001E8BE7 /* city3.json */; };
		C34805C620964E07001E8BE7 /* city3.json in Resources */ = {isa = PBXBuildFile; fileRef = C34805B120962968001E8BE7 /* city3.json */; };
		C34805C720964E08001E8BE7 /* city3.json in Resources */ = {isa = PBXBuildFile; fileRef = C34805B120962968001E8BE7 /* city3.json */; };
		C34805C820964E0B001E8BE7 /* city2.json in Resources */ = {isa = PBXBuildFile; fileRef = C34805B020962968001E8BE7 /* city2.json */; };
		C34805C920964E0B001E8BE7 /* city2.json in Resources */ = {isa = PBXBuildFile; fileRef = C34805B020962968001E8BE7 /* city2.json */; };
		C34805CA20964E0D001E8BE7 /* city1.json in Resources */ = {isa = PBXBuildFile; fileRef = C34805AF20962967001E8BE7 /* city1.json */; };
		C34805CB20964E0E001E8BE7 /* city1.json in Resources */ = {isa = PBXBuildFile; fileRef = C34805AF20962967001E8BE7 /* city1.json */; };
		C34805CD20964F6C001E8BE7 /* city_empty.json in Resources */ = {isa = PBXBuildFile; fileRef = C34805CC20964F6B001E8BE7 /* city_empty.json */; };
		C34805CE20964F6C001E8BE7 /* city_empty.json in Resources */ = {isa = PBXBuildFile; fileRef = C34805CC20964F6B001E8BE7 /* city_empty.json */; };
		C34805CF20964F6C001E8BE7 /* city_empty.json in Resources */ = {isa = PBXBuildFile; fileRef = C34805CC20964F6B001E8BE7 /* city_empty.json */; };
		C34805D1209671E5001E8BE7 /* CityListPresenterTests.swift in Sources */ = {isa = PBXBuildFile; fileRef = C34805D0209671E5001E8BE7 /* CityListPresenterTests.swift */; };
		C34805D3209671FE001E8BE7 /* CityListViewTests.swift in Sources */ = {isa = PBXBuildFile; fileRef = C34805D2209671FE001E8BE7 /* CityListViewTests.swift */; };
		C34805D920967762001E8BE7 /* CityAddViewTests.swift in Sources */ = {isa = PBXBuildFile; fileRef = C34805D820967762001E8BE7 /* CityAddViewTests.swift */; };
		C34805DB2096776D001E8BE7 /* CityAddPresenterTests.swift in Sources */ = {isa = PBXBuildFile; fileRef = C34805DA2096776D001E8BE7 /* CityAddPresenterTests.swift */; };
		C34805DD20967778001E8BE7 /* CityAddServiceTests.swift in Sources */ = {isa = PBXBuildFile; fileRef = C34805DC20967778001E8BE7 /* CityAddServiceTests.swift */; };
		C36BA3B520915E53003EED7C /* AppDelegate.swift in Sources */ = {isa = PBXBuildFile; fileRef = C36BA3B420915E53003EED7C /* AppDelegate.swift */; };
		C36BA3B720915E53003EED7C /* CityListView.swift in Sources */ = {isa = PBXBuildFile; fileRef = C36BA3B620915E53003EED7C /* CityListView.swift */; };
		C36BA3BA20915E53003EED7C /* Main.storyboard in Resources */ = {isa = PBXBuildFile; fileRef = C36BA3B820915E53003EED7C /* Main.storyboard */; };
		C36BA3BC20915E55003EED7C /* Assets.xcassets in Resources */ = {isa = PBXBuildFile; fileRef = C36BA3BB20915E55003EED7C /* Assets.xcassets */; };
		C36BA3BF20915E55003EED7C /* LaunchScreen.storyboard in Resources */ = {isa = PBXBuildFile; fileRef = C36BA3BD20915E55003EED7C /* LaunchScreen.storyboard */; };
		C36BA3D520915E56003EED7C /* WeatherMobileUITests.swift in Sources */ = {isa = PBXBuildFile; fileRef = C36BA3D420915E56003EED7C /* WeatherMobileUITests.swift */; };
		C36BA3EF2091632A003EED7C /* CityAddView.swift in Sources */ = {isa = PBXBuildFile; fileRef = C36BA3EE2091632A003EED7C /* CityAddView.swift */; };
		C36BA3F32092A00D003EED7C /* CityListPresenter.swift in Sources */ = {isa = PBXBuildFile; fileRef = C36BA3F22092A00D003EED7C /* CityListPresenter.swift */; };
		C36BA3F82092A166003EED7C /* City.swift in Sources */ = {isa = PBXBuildFile; fileRef = C36BA3F72092A166003EED7C /* City.swift */; };
		C36BA3FC2092A86E003EED7C /* CityAddService.swift in Sources */ = {isa = PBXBuildFile; fileRef = C36BA3FB2092A86D003EED7C /* CityAddService.swift */; };
		C36BA4002092B733003EED7C /* CityAddPresenter.swift in Sources */ = {isa = PBXBuildFile; fileRef = C36BA3FF2092B733003EED7C /* CityAddPresenter.swift */; };
/* End PBXBuildFile section */

/* Begin PBXContainerItemProxy section */
		C36BA3C620915E56003EED7C /* PBXContainerItemProxy */ = {
			isa = PBXContainerItemProxy;
			containerPortal = C36BA3A920915E53003EED7C /* Project object */;
			proxyType = 1;
			remoteGlobalIDString = C36BA3B020915E53003EED7C;
			remoteInfo = WeatherMobile;
		};
		C36BA3D120915E56003EED7C /* PBXContainerItemProxy */ = {
			isa = PBXContainerItemProxy;
			containerPortal = C36BA3A920915E53003EED7C /* Project object */;
			proxyType = 1;
			remoteGlobalIDString = C36BA3B020915E53003EED7C;
			remoteInfo = WeatherMobile;
		};
/* End PBXContainerItemProxy section */

/* Begin PBXFileReference section */
		0C0FF6B0C024EAD943F3BD69 /* Pods-WeatherMobile.debug.xcconfig */ = {isa = PBXFileReference; includeInIndex = 1; lastKnownFileType = text.xcconfig; name = "Pods-WeatherMobile.debug.xcconfig"; path = "Pods/Target Support Files/Pods-WeatherMobile/Pods-WeatherMobile.debug.xcconfig"; sourceTree = "<group>"; };
		49950D6ACF6BA87F6A28C321 /* Pods-WeatherMobile.release.xcconfig */ = {isa = PBXFileReference; includeInIndex = 1; lastKnownFileType = text.xcconfig; name = "Pods-WeatherMobile.release.xcconfig"; path = "Pods/Target Support Files/Pods-WeatherMobile/Pods-WeatherMobile.release.xcconfig"; sourceTree = "<group>"; };
		6855A49C8815B9087F00D896 /* Pods_WeatherMobileTests.framework */ = {isa = PBXFileReference; explicitFileType = wrapper.framework; includeInIndex = 0; path = Pods_WeatherMobileTests.framework; sourceTree = BUILT_PRODUCTS_DIR; };
		7849EFB8B730C2EDD4531439 /* Pods-WeatherMobileTests.release.xcconfig */ = {isa = PBXFileReference; includeInIndex = 1; lastKnownFileType = text.xcconfig; name = "Pods-WeatherMobileTests.release.xcconfig"; path = "Pods/Target Support Files/Pods-WeatherMobileTests/Pods-WeatherMobileTests.release.xcconfig"; sourceTree = "<group>"; };
		813A027D90E426D76550BD24 /* Pods_WeatherMobile.framework */ = {isa = PBXFileReference; explicitFileType = wrapper.framework; includeInIndex = 0; path = Pods_WeatherMobile.framework; sourceTree = BUILT_PRODUCTS_DIR; };
		9471E28C72951985E0EEB43A /* Pods_WeatherMobileUITests.framework */ = {isa = PBXFileReference; explicitFileType = wrapper.framework; includeInIndex = 0; path = Pods_WeatherMobileUITests.framework; sourceTree = BUILT_PRODUCTS_DIR; };
		B6DFB9C2F8862C8CE2852C68 /* Pods-WeatherMobileUITests.release.xcconfig */ = {isa = PBXFileReference; includeInIndex = 1; lastKnownFileType = text.xcconfig; name = "Pods-WeatherMobileUITests.release.xcconfig"; path = "Pods/Target Support Files/Pods-WeatherMobileUITests/Pods-WeatherMobileUITests.release.xcconfig"; sourceTree = "<group>"; };
		B765F33D1D83DA2C9D22F390 /* Pods-WeatherMobileTests.debug.xcconfig */ = {isa = PBXFileReference; includeInIndex = 1; lastKnownFileType = text.xcconfig; name = "Pods-WeatherMobileTests.debug.xcconfig"; path = "Pods/Target Support Files/Pods-WeatherMobileTests/Pods-WeatherMobileTests.debug.xcconfig"; sourceTree = "<group>"; };
		C09D3D36E7D52E0B4F17B354 /* Pods-WeatherMobileUITests.debug.xcconfig */ = {isa = PBXFileReference; includeInIndex = 1; lastKnownFileType = text.xcconfig; name = "Pods-WeatherMobileUITests.debug.xcconfig"; path = "Pods/Target Support Files/Pods-WeatherMobileUITests/Pods-WeatherMobileUITests.debug.xcconfig"; sourceTree = "<group>"; };
		C34805AD2096287A001E8BE7 /* BaseTest.swift */ = {isa = PBXFileReference; lastKnownFileType = sourcecode.swift; path = BaseTest.swift; sourceTree = "<group>"; };
		C34805AF20962967001E8BE7 /* city1.json */ = {isa = PBXFileReference; fileEncoding = 4; lastKnownFileType = text.json; name = city1.json; path = WeatherMobile/city1.json; sourceTree = SOURCE_ROOT; };
		C34805B020962968001E8BE7 /* city2.json */ = {isa = PBXFileReference; fileEncoding = 4; lastKnownFileType = text.json; path = city2.json; sourceTree = "<group>"; };
		C34805B120962968001E8BE7 /* city3.json */ = {isa = PBXFileReference; fileEncoding = 4; lastKnownFileType = text.json; path = city3.json; sourceTree = "<group>"; };
		C34805B520963D2E001E8BE7 /* BaseUITest.swift */ = {isa = PBXFileReference; lastKnownFileType = sourcecode.swift; path = BaseUITest.swift; sourceTree = "<group>"; };
		C34805CC20964F6B001E8BE7 /* city_empty.json */ = {isa = PBXFileReference; fileEncoding = 4; lastKnownFileType = text.json; path = city_empty.json; sourceTree = "<group>"; };
		C34805D0209671E5001E8BE7 /* CityListPresenterTests.swift */ = {isa = PBXFileReference; lastKnownFileType = sourcecode.swift; path = CityListPresenterTests.swift; sourceTree = "<group>"; };
		C34805D2209671FE001E8BE7 /* CityListViewTests.swift */ = {isa = PBXFileReference; lastKnownFileType = sourcecode.swift; path = CityListViewTests.swift; sourceTree = "<group>"; };
		C34805D820967762001E8BE7 /* CityAddViewTests.swift */ = {isa = PBXFileReference; lastKnownFileType = sourcecode.swift; path = CityAddViewTests.swift; sourceTree = "<group>"; };
		C34805DA2096776D001E8BE7 /* CityAddPresenterTests.swift */ = {isa = PBXFileReference; lastKnownFileType = sourcecode.swift; path = CityAddPresenterTests.swift; sourceTree = "<group>"; };
		C34805DC20967778001E8BE7 /* CityAddServiceTests.swift */ = {isa = PBXFileReference; lastKnownFileType = sourcecode.swift; path = CityAddServiceTests.swift; sourceTree = "<group>"; };
		C36BA3B120915E53003EED7C /* WeatherMobile.app */ = {isa = PBXFileReference; explicitFileType = wrapper.application; includeInIndex = 0; path = WeatherMobile.app; sourceTree = BUILT_PRODUCTS_DIR; };
		C36BA3B420915E53003EED7C /* AppDelegate.swift */ = {isa = PBXFileReference; lastKnownFileType = sourcecode.swift; path = AppDelegate.swift; sourceTree = "<group>"; };
		C36BA3B620915E53003EED7C /* CityListView.swift */ = {isa = PBXFileReference; lastKnownFileType = sourcecode.swift; path = CityListView.swift; sourceTree = "<group>"; };
		C36BA3B920915E53003EED7C /* Base */ = {isa = PBXFileReference; lastKnownFileType = file.storyboard; name = Base; path = Base.lproj/Main.storyboard; sourceTree = "<group>"; };
		C36BA3BB20915E55003EED7C /* Assets.xcassets */ = {isa = PBXFileReference; lastKnownFileType = folder.assetcatalog; path = Assets.xcassets; sourceTree = "<group>"; };
		C36BA3BE20915E55003EED7C /* Base */ = {isa = PBXFileReference; lastKnownFileType = file.storyboard; name = Base; path = Base.lproj/LaunchScreen.storyboard; sourceTree = "<group>"; };
		C36BA3C020915E55003EED7C /* Info.plist */ = {isa = PBXFileReference; lastKnownFileType = text.plist.xml; path = Info.plist; sourceTree = "<group>"; };
		C36BA3C520915E56003EED7C /* WeatherMobileTests.xctest */ = {isa = PBXFileReference; explicitFileType = wrapper.cfbundle; includeInIndex = 0; path = WeatherMobileTests.xctest; sourceTree = BUILT_PRODUCTS_DIR; };
		C36BA3CB20915E56003EED7C /* Info.plist */ = {isa = PBXFileReference; lastKnownFileType = text.plist.xml; path = Info.plist; sourceTree = "<group>"; };
		C36BA3D020915E56003EED7C /* WeatherMobileUITests.xctest */ = {isa = PBXFileReference; explicitFileType = wrapper.cfbundle; includeInIndex = 0; path = WeatherMobileUITests.xctest; sourceTree = BUILT_PRODUCTS_DIR; };
		C36BA3D420915E56003EED7C /* WeatherMobileUITests.swift */ = {isa = PBXFileReference; lastKnownFileType = sourcecode.swift; path = WeatherMobileUITests.swift; sourceTree = "<group>"; };
		C36BA3D620915E56003EED7C /* Info.plist */ = {isa = PBXFileReference; lastKnownFileType = text.plist.xml; path = Info.plist; sourceTree = "<group>"; };
		C36BA3EE2091632A003EED7C /* CityAddView.swift */ = {isa = PBXFileReference; lastKnownFileType = sourcecode.swift; path = CityAddView.swift; sourceTree = "<group>"; };
		C36BA3F22092A00D003EED7C /* CityListPresenter.swift */ = {isa = PBXFileReference; lastKnownFileType = sourcecode.swift; path = CityListPresenter.swift; sourceTree = "<group>"; };
		C36BA3F72092A166003EED7C /* City.swift */ = {isa = PBXFileReference; lastKnownFileType = sourcecode.swift; path = City.swift; sourceTree = "<group>"; };
		C36BA3FB2092A86D003EED7C /* CityAddService.swift */ = {isa = PBXFileReference; lastKnownFileType = sourcecode.swift; path = CityAddService.swift; sourceTree = "<group>"; };
		C36BA3FF2092B733003EED7C /* CityAddPresenter.swift */ = {isa = PBXFileReference; lastKnownFileType = sourcecode.swift; path = CityAddPresenter.swift; sourceTree = "<group>"; };
/* End PBXFileReference section */

/* Begin PBXFrameworksBuildPhase section */
		C36BA3AE20915E53003EED7C /* Frameworks */ = {
			isa = PBXFrameworksBuildPhase;
			buildActionMask = 2147483647;
			files = (
				8F852C86E3AC462A94EECD48 /* Pods_WeatherMobile.framework in Frameworks */,
			);
			runOnlyForDeploymentPostprocessing = 0;
		};
		C36BA3C220915E56003EED7C /* Frameworks */ = {
			isa = PBXFrameworksBuildPhase;
			buildActionMask = 2147483647;
			files = (
				B9EEBB44860BD36751FDEC5B /* Pods_WeatherMobileTests.framework in Frameworks */,
			);
			runOnlyForDeploymentPostprocessing = 0;
		};
		C36BA3CD20915E56003EED7C /* Frameworks */ = {
			isa = PBXFrameworksBuildPhase;
			buildActionMask = 2147483647;
			files = (
				1B962D41E96D1D522A432F7F /* Pods_WeatherMobileUITests.framework in Frameworks */,
			);
			runOnlyForDeploymentPostprocessing = 0;
		};
/* End PBXFrameworksBuildPhase section */

/* Begin PBXGroup section */
		87863EACE3BE60D7644A47B8 /* Frameworks */ = {
			isa = PBXGroup;
			children = (
				813A027D90E426D76550BD24 /* Pods_WeatherMobile.framework */,
				6855A49C8815B9087F00D896 /* Pods_WeatherMobileTests.framework */,
				9471E28C72951985E0EEB43A /* Pods_WeatherMobileUITests.framework */,
			);
			name = Frameworks;
			sourceTree = "<group>";
		};
		90F06ACCC6CFCECF9CD2EAD9 /* Pods */ = {
			isa = PBXGroup;
			children = (
				0C0FF6B0C024EAD943F3BD69 /* Pods-WeatherMobile.debug.xcconfig */,
				49950D6ACF6BA87F6A28C321 /* Pods-WeatherMobile.release.xcconfig */,
				B765F33D1D83DA2C9D22F390 /* Pods-WeatherMobileTests.debug.xcconfig */,
				7849EFB8B730C2EDD4531439 /* Pods-WeatherMobileTests.release.xcconfig */,
				C09D3D36E7D52E0B4F17B354 /* Pods-WeatherMobileUITests.debug.xcconfig */,
				B6DFB9C2F8862C8CE2852C68 /* Pods-WeatherMobileUITests.release.xcconfig */,
			);
			name = Pods;
			sourceTree = "<group>";
		};
		C34805D62096772A001E8BE7 /* CityList */ = {
			isa = PBXGroup;
			children = (
				C34805D2209671FE001E8BE7 /* CityListViewTests.swift */,
				C34805D0209671E5001E8BE7 /* CityListPresenterTests.swift */,
			);
			path = CityList;
			sourceTree = "<group>";
		};
		C34805D720967739001E8BE7 /* CityAdd */ = {
			isa = PBXGroup;
			children = (
				C34805D820967762001E8BE7 /* CityAddViewTests.swift */,
				C34805DA2096776D001E8BE7 /* CityAddPresenterTests.swift */,
				C34805DC20967778001E8BE7 /* CityAddServiceTests.swift */,
			);
			path = CityAdd;
			sourceTree = "<group>";
		};
		C36BA3A820915E53003EED7C = {
			isa = PBXGroup;
			children = (
				C36BA3B320915E53003EED7C /* WeatherMobile */,
				C36BA3C820915E56003EED7C /* WeatherMobileTests */,
				C36BA3D320915E56003EED7C /* WeatherMobileUITests */,
				C36BA3B220915E53003EED7C /* Products */,
				87863EACE3BE60D7644A47B8 /* Frameworks */,
				90F06ACCC6CFCECF9CD2EAD9 /* Pods */,
			);
			sourceTree = "<group>";
		};
		C36BA3B220915E53003EED7C /* Products */ = {
			isa = PBXGroup;
			children = (
				C36BA3B120915E53003EED7C /* WeatherMobile.app */,
				C36BA3C520915E56003EED7C /* WeatherMobileTests.xctest */,
				C36BA3D020915E56003EED7C /* WeatherMobileUITests.xctest */,
			);
			name = Products;
			sourceTree = "<group>";
		};
		C36BA3B320915E53003EED7C /* WeatherMobile */ = {
			isa = PBXGroup;
			children = (
				C36BA3B420915E53003EED7C /* AppDelegate.swift */,
				C36BA3F62092A14F003EED7C /* Model */,
				C36BA3E22091613D003EED7C /* CityList */,
				C36BA3E9209162D4003EED7C /* CityAdd */,
				C36BA3B820915E53003EED7C /* Main.storyboard */,
				C36BA3BB20915E55003EED7C /* Assets.xcassets */,
				C36BA3BD20915E55003EED7C /* LaunchScreen.storyboard */,
				C36BA3C020915E55003EED7C /* Info.plist */,
				C34805AF20962967001E8BE7 /* city1.json */,
				C34805B020962968001E8BE7 /* city2.json */,
				C34805CC20964F6B001E8BE7 /* city_empty.json */,
				C34805B120962968001E8BE7 /* city3.json */,
			);
			path = WeatherMobile;
			sourceTree = "<group>";
		};
		C36BA3C820915E56003EED7C /* WeatherMobileTests */ = {
			isa = PBXGroup;
			children = (
				C34805AD2096287A001E8BE7 /* BaseTest.swift */,
				C34805D62096772A001E8BE7 /* CityList */,
				C34805D720967739001E8BE7 /* CityAdd */,
				C36BA3CB20915E56003EED7C /* Info.plist */,
			);
			path = WeatherMobileTests;
			sourceTree = "<group>";
		};
		C36BA3D320915E56003EED7C /* WeatherMobileUITests */ = {
			isa = PBXGroup;
			children = (
				C36BA3D420915E56003EED7C /* WeatherMobileUITests.swift */,
				C34805B520963D2E001E8BE7 /* BaseUITest.swift */,
				C36BA3D620915E56003EED7C /* Info.plist */,
			);
			path = WeatherMobileUITests;
			sourceTree = "<group>";
		};
		C36BA3E22091613D003EED7C /* CityList */ = {
			isa = PBXGroup;
			children = (
				C36BA3B620915E53003EED7C /* CityListView.swift */,
				C36BA3F22092A00D003EED7C /* CityListPresenter.swift */,
			);
			path = CityList;
			sourceTree = "<group>";
		};
		C36BA3E9209162D4003EED7C /* CityAdd */ = {
			isa = PBXGroup;
			children = (
				C36BA3EE2091632A003EED7C /* CityAddView.swift */,
				C36BA3FF2092B733003EED7C /* CityAddPresenter.swift */,
				C36BA3FB2092A86D003EED7C /* CityAddService.swift */,
			);
			path = CityAdd;
			sourceTree = "<group>";
		};
		C36BA3F62092A14F003EED7C /* Model */ = {
			isa = PBXGroup;
			children = (
				C36BA3F72092A166003EED7C /* City.swift */,
			);
			path = Model;
			sourceTree = "<group>";
		};
/* End PBXGroup section */

/* Begin PBXNativeTarget section */
		C36BA3B020915E53003EED7C /* WeatherMobile */ = {
			isa = PBXNativeTarget;
			buildConfigurationList = C36BA3D920915E56003EED7C /* Build configuration list for PBXNativeTarget "WeatherMobile" */;
			buildPhases = (
				604FB084D54122ADC4E87B84 /* [CP] Check Pods Manifest.lock */,
				C36BA3AD20915E53003EED7C /* Sources */,
				C36BA3AE20915E53003EED7C /* Frameworks */,
				C36BA3AF20915E53003EED7C /* Resources */,
				50ACFE17FCCC324B52AFDD1B /* [CP] Embed Pods Frameworks */,
			);
			buildRules = (
			);
			dependencies = (
			);
			name = WeatherMobile;
			productName = WeatherMobile;
			productReference = C36BA3B120915E53003EED7C /* WeatherMobile.app */;
			productType = "com.apple.product-type.application";
		};
		C36BA3C420915E56003EED7C /* WeatherMobileTests */ = {
			isa = PBXNativeTarget;
			buildConfigurationList = C36BA3DC20915E56003EED7C /* Build configuration list for PBXNativeTarget "WeatherMobileTests" */;
			buildPhases = (
				669D68604229C4737D927BC3 /* [CP] Check Pods Manifest.lock */,
				C36BA3C120915E56003EED7C /* Sources */,
				C36BA3C220915E56003EED7C /* Frameworks */,
				C36BA3C320915E56003EED7C /* Resources */,
				19481E719EB80887CE9A6A58 /* [CP] Embed Pods Frameworks */,
			);
			buildRules = (
			);
			dependencies = (
				C36BA3C720915E56003EED7C /* PBXTargetDependency */,
			);
			name = WeatherMobileTests;
			productName = WeatherMobileTests;
			productReference = C36BA3C520915E56003EED7C /* WeatherMobileTests.xctest */;
			productType = "com.apple.product-type.bundle.unit-test";
		};
		C36BA3CF20915E56003EED7C /* WeatherMobileUITests */ = {
			isa = PBXNativeTarget;
			buildConfigurationList = C36BA3DF20915E56003EED7C /* Build configuration list for PBXNativeTarget "WeatherMobileUITests" */;
			buildPhases = (
				48510C0AB30B61FA4683621E /* [CP] Check Pods Manifest.lock */,
				C36BA3CC20915E56003EED7C /* Sources */,
				C36BA3CD20915E56003EED7C /* Frameworks */,
				C36BA3CE20915E56003EED7C /* Resources */,
				AEBA114F354999B69D5061EA /* [CP] Embed Pods Frameworks */,
			);
			buildRules = (
			);
			dependencies = (
				C36BA3D220915E56003EED7C /* PBXTargetDependency */,
			);
			name = WeatherMobileUITests;
			productName = WeatherMobileUITests;
			productReference = C36BA3D020915E56003EED7C /* WeatherMobileUITests.xctest */;
			productType = "com.apple.product-type.bundle.ui-testing";
		};
/* End PBXNativeTarget section */

/* Begin PBXProject section */
		C36BA3A920915E53003EED7C /* Project object */ = {
			isa = PBXProject;
			attributes = {
				LastSwiftUpdateCheck = 0930;
				LastUpgradeCheck = 0930;
				ORGANIZATIONNAME = WM;
				TargetAttributes = {
					C36BA3B020915E53003EED7C = {
						CreatedOnToolsVersion = 9.3;
					};
					C36BA3C420915E56003EED7C = {
						CreatedOnToolsVersion = 9.3;
						TestTargetID = C36BA3B020915E53003EED7C;
					};
					C36BA3CF20915E56003EED7C = {
						CreatedOnToolsVersion = 9.3;
						TestTargetID = C36BA3B020915E53003EED7C;
					};
				};
			};
			buildConfigurationList = C36BA3AC20915E53003EED7C /* Build configuration list for PBXProject "WeatherMobile" */;
			compatibilityVersion = "Xcode 9.3";
			developmentRegion = en;
			hasScannedForEncodings = 0;
			knownRegions = (
				en,
				Base,
			);
			mainGroup = C36BA3A820915E53003EED7C;
			productRefGroup = C36BA3B220915E53003EED7C /* Products */;
			projectDirPath = "";
			projectRoot = "";
			targets = (
				C36BA3B020915E53003EED7C /* WeatherMobile */,
				C36BA3C420915E56003EED7C /* WeatherMobileTests */,
				C36BA3CF20915E56003EED7C /* WeatherMobileUITests */,
			);
		};
/* End PBXProject section */

/* Begin PBXResourcesBuildPhase section */
		C36BA3AF20915E53003EED7C /* Resources */ = {
			isa = PBXResourcesBuildPhase;
			buildActionMask = 2147483647;
			files = (
				C34805C320964D44001E8BE7 /* city1.json in Resources */,
				C36BA3BF20915E55003EED7C /* LaunchScreen.storyboard in Resources */,
				C34805C420964E00001E8BE7 /* city2.json in Resources */,
				C36BA3BC20915E55003EED7C /* Assets.xcassets in Resources */,
				C34805C520964E03001E8BE7 /* city3.json in Resources */,
				C34805CD20964F6C001E8BE7 /* city_empty.json in Resources */,
				C36BA3BA20915E53003EED7C /* Main.storyboard in Resources */,
			);
			runOnlyForDeploymentPostprocessing = 0;
		};
		C36BA3C320915E56003EED7C /* Resources */ = {
			isa = PBXResourcesBuildPhase;
			buildActionMask = 2147483647;
			files = (
				C34805CE20964F6C001E8BE7 /* city_empty.json in Resources */,
				C34805C620964E07001E8BE7 /* city3.json in Resources */,
				C34805C820964E0B001E8BE7 /* city2.json in Resources */,
				C34805CA20964E0D001E8BE7 /* city1.json in Resources */,
			);
			runOnlyForDeploymentPostprocessing = 0;
		};
		C36BA3CE20915E56003EED7C /* Resources */ = {
			isa = PBXResourcesBuildPhase;
			buildActionMask = 2147483647;
			files = (
				C34805C020964479001E8BE7 /* LaunchScreen.storyboard in Resources */,
				C34805BF20964476001E8BE7 /* Assets.xcassets in Resources */,
				C34805CB20964E0E001E8BE7 /* city1.json in Resources */,
				C34805C920964E0B001E8BE7 /* city2.json in Resources */,
				C34805C720964E08001E8BE7 /* city3.json in Resources */,
				C34805CF20964F6C001E8BE7 /* city_empty.json in Resources */,
				C34805BE20964472001E8BE7 /* Main.storyboard in Resources */,
			);
			runOnlyForDeploymentPostprocessing = 0;
		};
/* End PBXResourcesBuildPhase section */

/* Begin PBXShellScriptBuildPhase section */
		19481E719EB80887CE9A6A58 /* [CP] Embed Pods Frameworks */ = {
			isa = PBXShellScriptBuildPhase;
			buildActionMask = 2147483647;
			files = (
			);
			inputPaths = (
				"${SRCROOT}/Pods/Target Support Files/Pods-WeatherMobileTests/Pods-WeatherMobileTests-frameworks.sh",
				"${BUILT_PRODUCTS_DIR}/Alamofire/Alamofire.framework",
			);
			name = "[CP] Embed Pods Frameworks";
			outputPaths = (
				"${TARGET_BUILD_DIR}/${FRAMEWORKS_FOLDER_PATH}/Alamofire.framework",
			);
			runOnlyForDeploymentPostprocessing = 0;
			shellPath = /bin/sh;
			shellScript = "\"${SRCROOT}/Pods/Target Support Files/Pods-WeatherMobileTests/Pods-WeatherMobileTests-frameworks.sh\"\n";
			showEnvVarsInLog = 0;
		};
		48510C0AB30B61FA4683621E /* [CP] Check Pods Manifest.lock */ = {
			isa = PBXShellScriptBuildPhase;
			buildActionMask = 2147483647;
			files = (
			);
			inputPaths = (
				"${PODS_PODFILE_DIR_PATH}/Podfile.lock",
				"${PODS_ROOT}/Manifest.lock",
			);
			name = "[CP] Check Pods Manifest.lock";
			outputPaths = (
				"$(DERIVED_FILE_DIR)/Pods-WeatherMobileUITests-checkManifestLockResult.txt",
			);
			runOnlyForDeploymentPostprocessing = 0;
			shellPath = /bin/sh;
			shellScript = "diff \"${PODS_PODFILE_DIR_PATH}/Podfile.lock\" \"${PODS_ROOT}/Manifest.lock\" > /dev/null\nif [ $? != 0 ] ; then\n    # print error to STDERR\n    echo \"error: The sandbox is not in sync with the Podfile.lock. Run 'pod install' or update your CocoaPods installation.\" >&2\n    exit 1\nfi\n# This output is used by Xcode 'outputs' to avoid re-running this script phase.\necho \"SUCCESS\" > \"${SCRIPT_OUTPUT_FILE_0}\"\n";
			showEnvVarsInLog = 0;
		};
		50ACFE17FCCC324B52AFDD1B /* [CP] Embed Pods Frameworks */ = {
			isa = PBXShellScriptBuildPhase;
			buildActionMask = 2147483647;
			files = (
			);
			inputPaths = (
				"${SRCROOT}/Pods/Target Support Files/Pods-WeatherMobile/Pods-WeatherMobile-frameworks.sh",
				"${BUILT_PRODUCTS_DIR}/Alamofire/Alamofire.framework",
			);
			name = "[CP] Embed Pods Frameworks";
			outputPaths = (
				"${TARGET_BUILD_DIR}/${FRAMEWORKS_FOLDER_PATH}/Alamofire.framework",
			);
			runOnlyForDeploymentPostprocessing = 0;
			shellPath = /bin/sh;
			shellScript = "\"${SRCROOT}/Pods/Target Support Files/Pods-WeatherMobile/Pods-WeatherMobile-frameworks.sh\"\n";
			showEnvVarsInLog = 0;
		};
		604FB084D54122ADC4E87B84 /* [CP] Check Pods Manifest.lock */ = {
			isa = PBXShellScriptBuildPhase;
			buildActionMask = 2147483647;
			files = (
			);
			inputPaths = (
				"${PODS_PODFILE_DIR_PATH}/Podfile.lock",
				"${PODS_ROOT}/Manifest.lock",
			);
			name = "[CP] Check Pods Manifest.lock";
			outputPaths = (
				"$(DERIVED_FILE_DIR)/Pods-WeatherMobile-checkManifestLockResult.txt",
			);
			runOnlyForDeploymentPostprocessing = 0;
			shellPath = /bin/sh;
			shellScript = "diff \"${PODS_PODFILE_DIR_PATH}/Podfile.lock\" \"${PODS_ROOT}/Manifest.lock\" > /dev/null\nif [ $? != 0 ] ; then\n    # print error to STDERR\n    echo \"error: The sandbox is not in sync with the Podfile.lock. Run 'pod install' or update your CocoaPods installation.\" >&2\n    exit 1\nfi\n# This output is used by Xcode 'outputs' to avoid re-running this script phase.\necho \"SUCCESS\" > \"${SCRIPT_OUTPUT_FILE_0}\"\n";
			showEnvVarsInLog = 0;
		};
		669D68604229C4737D927BC3 /* [CP] Check Pods Manifest.lock */ = {
			isa = PBXShellScriptBuildPhase;
			buildActionMask = 2147483647;
			files = (
			);
			inputPaths = (
				"${PODS_PODFILE_DIR_PATH}/Podfile.lock",
				"${PODS_ROOT}/Manifest.lock",
			);
			name = "[CP] Check Pods Manifest.lock";
			outputPaths = (
				"$(DERIVED_FILE_DIR)/Pods-WeatherMobileTests-checkManifestLockResult.txt",
			);
			runOnlyForDeploymentPostprocessing = 0;
			shellPath = /bin/sh;
			shellScript = "diff \"${PODS_PODFILE_DIR_PATH}/Podfile.lock\" \"${PODS_ROOT}/Manifest.lock\" > /dev/null\nif [ $? != 0 ] ; then\n    # print error to STDERR\n    echo \"error: The sandbox is not in sync with the Podfile.lock. Run 'pod install' or update your CocoaPods installation.\" >&2\n    exit 1\nfi\n# This output is used by Xcode 'outputs' to avoid re-running this script phase.\necho \"SUCCESS\" > \"${SCRIPT_OUTPUT_FILE_0}\"\n";
			showEnvVarsInLog = 0;
		};
		AEBA114F354999B69D5061EA /* [CP] Embed Pods Frameworks */ = {
			isa = PBXShellScriptBuildPhase;
			buildActionMask = 2147483647;
			files = (
			);
			inputPaths = (
				"${SRCROOT}/Pods/Target Support Files/Pods-WeatherMobileUITests/Pods-WeatherMobileUITests-frameworks.sh",
				"${BUILT_PRODUCTS_DIR}/Alamofire/Alamofire.framework",
			);
			name = "[CP] Embed Pods Frameworks";
			outputPaths = (
				"${TARGET_BUILD_DIR}/${FRAMEWORKS_FOLDER_PATH}/Alamofire.framework",
			);
			runOnlyForDeploymentPostprocessing = 0;
			shellPath = /bin/sh;
			shellScript = "\"${SRCROOT}/Pods/Target Support Files/Pods-WeatherMobileUITests/Pods-WeatherMobileUITests-frameworks.sh\"\n";
			showEnvVarsInLog = 0;
		};
/* End PBXShellScriptBuildPhase section */

/* Begin PBXSourcesBuildPhase section */
		C36BA3AD20915E53003EED7C /* Sources */ = {
			isa = PBXSourcesBuildPhase;
			buildActionMask = 2147483647;
			files = (
				C36BA4002092B733003EED7C /* CityAddPresenter.swift in Sources */,
				C36BA3B720915E53003EED7C /* CityListView.swift in Sources */,
				C36BA3F82092A166003EED7C /* City.swift in Sources */,
				C36BA3F32092A00D003EED7C /* CityListPresenter.swift in Sources */,
				C36BA3B520915E53003EED7C /* AppDelegate.swift in Sources */,
				C36BA3FC2092A86E003EED7C /* CityAddService.swift in Sources */,
				C36BA3EF2091632A003EED7C /* CityAddView.swift in Sources */,
			);
			runOnlyForDeploymentPostprocessing = 0;
		};
		C36BA3C120915E56003EED7C /* Sources */ = {
			isa = PBXSourcesBuildPhase;
			buildActionMask = 2147483647;
			files = (
				C34805D3209671FE001E8BE7 /* CityListViewTests.swift in Sources */,
				C34805AE2096287A001E8BE7 /* BaseTest.swift in Sources */,
				C34805DB2096776D001E8BE7 /* CityAddPresenterTests.swift in Sources */,
				C34805D1209671E5001E8BE7 /* CityListPresenterTests.swift in Sources */,
				C34805D920967762001E8BE7 /* CityAddViewTests.swift in Sources */,
				C34805DD20967778001E8BE7 /* CityAddServiceTests.swift in Sources */,
			);
			runOnlyForDeploymentPostprocessing = 0;
		};
		C36BA3CC20915E56003EED7C /* Sources */ = {
			isa = PBXSourcesBuildPhase;
			buildActionMask = 2147483647;
			files = (
				C34805B720964461001E8BE7 /* AppDelegate.swift in Sources */,
				C34805BD2096446F001E8BE7 /* CityAddService.swift in Sources */,
				C34805B920964466001E8BE7 /* CityListView.swift in Sources */,
				C36BA3D520915E56003EED7C /* WeatherMobileUITests.swift in Sources */,
				C34805BC2096446D001E8BE7 /* CityAddPresenter.swift in Sources */,
				C34805BA20964468001E8BE7 /* CityListPresenter.swift in Sources */,
				C34805BB2096446B001E8BE7 /* CityAddView.swift in Sources */,
				C34805B820964464001E8BE7 /* City.swift in Sources */,
				C34805B620963D2E001E8BE7 /* BaseUITest.swift in Sources */,
			);
			runOnlyForDeploymentPostprocessing = 0;
		};
/* End PBXSourcesBuildPhase section */

/* Begin PBXTargetDependency section */
		C36BA3C720915E56003EED7C /* PBXTargetDependency */ = {
			isa = PBXTargetDependency;
			target = C36BA3B020915E53003EED7C /* WeatherMobile */;
			targetProxy = C36BA3C620915E56003EED7C /* PBXContainerItemProxy */;
		};
		C36BA3D220915E56003EED7C /* PBXTargetDependency */ = {
			isa = PBXTargetDependency;
			target = C36BA3B020915E53003EED7C /* WeatherMobile */;
			targetProxy = C36BA3D120915E56003EED7C /* PBXContainerItemProxy */;
		};
/* End PBXTargetDependency section */

/* Begin PBXVariantGroup section */
		C36BA3B820915E53003EED7C /* Main.storyboard */ = {
			isa = PBXVariantGroup;
			children = (
				C36BA3B920915E53003EED7C /* Base */,
			);
			name = Main.storyboard;
			sourceTree = "<group>";
		};
		C36BA3BD20915E55003EED7C /* LaunchScreen.storyboard */ = {
			isa = PBXVariantGroup;
			children = (
				C36BA3BE20915E55003EED7C /* Base */,
			);
			name = LaunchScreen.storyboard;
			sourceTree = "<group>";
		};
/* End PBXVariantGroup section */

/* Begin XCBuildConfiguration section */
		C36BA3D720915E56003EED7C /* Debug */ = {
			isa = XCBuildConfiguration;
			buildSettings = {
				ALWAYS_SEARCH_USER_PATHS = NO;
				CLANG_ANALYZER_NONNULL = YES;
				CLANG_ANALYZER_NUMBER_OBJECT_CONVERSION = YES_AGGRESSIVE;
				CLANG_CXX_LANGUAGE_STANDARD = "gnu++14";
				CLANG_CXX_LIBRARY = "libc++";
				CLANG_ENABLE_MODULES = YES;
				CLANG_ENABLE_OBJC_ARC = YES;
				CLANG_ENABLE_OBJC_WEAK = YES;
				CLANG_WARN_BLOCK_CAPTURE_AUTORELEASING = YES;
				CLANG_WARN_BOOL_CONVERSION = YES;
				CLANG_WARN_COMMA = YES;
				CLANG_WARN_CONSTANT_CONVERSION = YES;
				CLANG_WARN_DEPRECATED_OBJC_IMPLEMENTATIONS = YES;
				CLANG_WARN_DIRECT_OBJC_ISA_USAGE = YES_ERROR;
				CLANG_WARN_DOCUMENTATION_COMMENTS = YES;
				CLANG_WARN_EMPTY_BODY = YES;
				CLANG_WARN_ENUM_CONVERSION = YES;
				CLANG_WARN_INFINITE_RECURSION = YES;
				CLANG_WARN_INT_CONVERSION = YES;
				CLANG_WARN_NON_LITERAL_NULL_CONVERSION = YES;
				CLANG_WARN_OBJC_IMPLICIT_RETAIN_SELF = YES;
				CLANG_WARN_OBJC_LITERAL_CONVERSION = YES;
				CLANG_WARN_OBJC_ROOT_CLASS = YES_ERROR;
				CLANG_WARN_RANGE_LOOP_ANALYSIS = YES;
				CLANG_WARN_STRICT_PROTOTYPES = YES;
				CLANG_WARN_SUSPICIOUS_MOVE = YES;
				CLANG_WARN_UNGUARDED_AVAILABILITY = YES_AGGRESSIVE;
				CLANG_WARN_UNREACHABLE_CODE = YES;
				CLANG_WARN__DUPLICATE_METHOD_MATCH = YES;
				CODE_SIGN_IDENTITY = "iPhone Developer";
				COPY_PHASE_STRIP = NO;
				DEBUG_INFORMATION_FORMAT = dwarf;
				ENABLE_STRICT_OBJC_MSGSEND = YES;
				ENABLE_TESTABILITY = YES;
				GCC_C_LANGUAGE_STANDARD = gnu11;
				GCC_DYNAMIC_NO_PIC = NO;
				GCC_NO_COMMON_BLOCKS = YES;
				GCC_OPTIMIZATION_LEVEL = 0;
				GCC_PREPROCESSOR_DEFINITIONS = (
					"DEBUG=1",
					"$(inherited)",
				);
				GCC_WARN_64_TO_32_BIT_CONVERSION = YES;
				GCC_WARN_ABOUT_RETURN_TYPE = YES_ERROR;
				GCC_WARN_UNDECLARED_SELECTOR = YES;
				GCC_WARN_UNINITIALIZED_AUTOS = YES_AGGRESSIVE;
				GCC_WARN_UNUSED_FUNCTION = YES;
				GCC_WARN_UNUSED_VARIABLE = YES;
				IPHONEOS_DEPLOYMENT_TARGET = 10.0;
				MTL_ENABLE_DEBUG_INFO = YES;
				ONLY_ACTIVE_ARCH = YES;
				SDKROOT = iphoneos;
				SWIFT_ACTIVE_COMPILATION_CONDITIONS = DEBUG;
				SWIFT_OPTIMIZATION_LEVEL = "-Onone";
			};
			name = Debug;
		};
		C36BA3D820915E56003EED7C /* Release */ = {
			isa = XCBuildConfiguration;
			buildSettings = {
				ALWAYS_SEARCH_USER_PATHS = NO;
				CLANG_ANALYZER_NONNULL = YES;
				CLANG_ANALYZER_NUMBER_OBJECT_CONVERSION = YES_AGGRESSIVE;
				CLANG_CXX_LANGUAGE_STANDARD = "gnu++14";
				CLANG_CXX_LIBRARY = "libc++";
				CLANG_ENABLE_MODULES = YES;
				CLANG_ENABLE_OBJC_ARC = YES;
				CLANG_ENABLE_OBJC_WEAK = YES;
				CLANG_WARN_BLOCK_CAPTURE_AUTORELEASING = YES;
				CLANG_WARN_BOOL_CONVERSION = YES;
				CLANG_WARN_COMMA = YES;
				CLANG_WARN_CONSTANT_CONVERSION = YES;
				CLANG_WARN_DEPRECATED_OBJC_IMPLEMENTATIONS = YES;
				CLANG_WARN_DIRECT_OBJC_ISA_USAGE = YES_ERROR;
				CLANG_WARN_DOCUMENTATION_COMMENTS = YES;
				CLANG_WARN_EMPTY_BODY = YES;
				CLANG_WARN_ENUM_CONVERSION = YES;
				CLANG_WARN_INFINITE_RECURSION = YES;
				CLANG_WARN_INT_CONVERSION = YES;
				CLANG_WARN_NON_LITERAL_NULL_CONVERSION = YES;
				CLANG_WARN_OBJC_IMPLICIT_RETAIN_SELF = YES;
				CLANG_WARN_OBJC_LITERAL_CONVERSION = YES;
				CLANG_WARN_OBJC_ROOT_CLASS = YES_ERROR;
				CLANG_WARN_RANGE_LOOP_ANALYSIS = YES;
				CLANG_WARN_STRICT_PROTOTYPES = YES;
				CLANG_WARN_SUSPICIOUS_MOVE = YES;
				CLANG_WARN_UNGUARDED_AVAILABILITY = YES_AGGRESSIVE;
				CLANG_WARN_UNREACHABLE_CODE = YES;
				CLANG_WARN__DUPLICATE_METHOD_MATCH = YES;
				CODE_SIGN_IDENTITY = "iPhone Developer";
				COPY_PHASE_STRIP = NO;
				DEBUG_INFORMATION_FORMAT = "dwarf-with-dsym";
				ENABLE_NS_ASSERTIONS = NO;
				ENABLE_STRICT_OBJC_MSGSEND = YES;
				GCC_C_LANGUAGE_STANDARD = gnu11;
				GCC_NO_COMMON_BLOCKS = YES;
				GCC_WARN_64_TO_32_BIT_CONVERSION = YES;
				GCC_WARN_ABOUT_RETURN_TYPE = YES_ERROR;
				GCC_WARN_UNDECLARED_SELECTOR = YES;
				GCC_WARN_UNINITIALIZED_AUTOS = YES_AGGRESSIVE;
				GCC_WARN_UNUSED_FUNCTION = YES;
				GCC_WARN_UNUSED_VARIABLE = YES;
				IPHONEOS_DEPLOYMENT_TARGET = 10.0;
				MTL_ENABLE_DEBUG_INFO = NO;
				SDKROOT = iphoneos;
				SWIFT_COMPILATION_MODE = wholemodule;
				SWIFT_OPTIMIZATION_LEVEL = "-O";
				VALIDATE_PRODUCT = YES;
			};
			name = Release;
		};
		C36BA3DA20915E56003EED7C /* Debug */ = {
			isa = XCBuildConfiguration;
			baseConfigurationReference = 0C0FF6B0C024EAD943F3BD69 /* Pods-WeatherMobile.debug.xcconfig */;
			buildSettings = {
				ASSETCATALOG_COMPILER_APPICON_NAME = AppIcon;
				BUNDLE_LOADER = "";
				CODE_SIGN_STYLE = Automatic;
				DEVELOPMENT_TEAM = 7VMZXCKB9V;
				INFOPLIST_FILE = WeatherMobile/Info.plist;
				LD_RUNPATH_SEARCH_PATHS = "$(inherited) @executable_path/Frameworks";
				PRODUCT_BUNDLE_IDENTIFIER = WM.WeatherMobile;
				PRODUCT_NAME = "$(TARGET_NAME)";
				SWIFT_VERSION = 4.0;
				TARGETED_DEVICE_FAMILY = "1,2";
				WEATHER_API = f135ebb7b7464790d66696975b923a69;
			};
			name = Debug;
		};
		C36BA3DB20915E56003EED7C /* Release */ = {
			isa = XCBuildConfiguration;
			baseConfigurationReference = 49950D6ACF6BA87F6A28C321 /* Pods-WeatherMobile.release.xcconfig */;
			buildSettings = {
				ASSETCATALOG_COMPILER_APPICON_NAME = AppIcon;
				CODE_SIGN_STYLE = Automatic;
				DEVELOPMENT_TEAM = 7VMZXCKB9V;
				INFOPLIST_FILE = WeatherMobile/Info.plist;
				LD_RUNPATH_SEARCH_PATHS = "$(inherited) @executable_path/Frameworks";
				PRODUCT_BUNDLE_IDENTIFIER = WM.WeatherMobile;
				PRODUCT_NAME = "$(TARGET_NAME)";
				SWIFT_VERSION = 4.0;
				TARGETED_DEVICE_FAMILY = "1,2";
				WEATHER_API = f135ebb7b7464790d66696975b923a69;
			};
			name = Release;
		};
		C36BA3DD20915E56003EED7C /* Debug */ = {
			isa = XCBuildConfiguration;
			baseConfigurationReference = B765F33D1D83DA2C9D22F390 /* Pods-WeatherMobileTests.debug.xcconfig */;
			buildSettings = {
				ALWAYS_EMBED_SWIFT_STANDARD_LIBRARIES = YES;
				BUNDLE_LOADER = "$(TEST_HOST)";
				CODE_SIGN_STYLE = Automatic;
				DEVELOPMENT_TEAM = PXET93P45N;
				INFOPLIST_FILE = WeatherMobileTests/Info.plist;
				LD_RUNPATH_SEARCH_PATHS = "$(inherited) @executable_path/Frameworks @loader_path/Frameworks";
				PRODUCT_BUNDLE_IDENTIFIER = WM.WeatherMobileTests;
				PRODUCT_NAME = "$(TARGET_NAME)";
				SWIFT_VERSION = 4.0;
				TARGETED_DEVICE_FAMILY = "1,2";
				TEST_HOST = "$(BUILT_PRODUCTS_DIR)/WeatherMobile.app/WeatherMobile";
				WEATHER_API = f135ebb7b7464790d66696975b923a69;
			};
			name = Debug;
		};
		C36BA3DE20915E56003EED7C /* Release */ = {
			isa = XCBuildConfiguration;
			baseConfigurationReference = 7849EFB8B730C2EDD4531439 /* Pods-WeatherMobileTests.release.xcconfig */;
			buildSettings = {
				ALWAYS_EMBED_SWIFT_STANDARD_LIBRARIES = YES;
				BUNDLE_LOADER = "$(TEST_HOST)";
				CODE_SIGN_STYLE = Automatic;
				DEVELOPMENT_TEAM = PXET93P45N;
				INFOPLIST_FILE = WeatherMobileTests/Info.plist;
				LD_RUNPATH_SEARCH_PATHS = "$(inherited) @executable_path/Frameworks @loader_path/Frameworks";
				PRODUCT_BUNDLE_IDENTIFIER = WM.WeatherMobileTests;
				PRODUCT_NAME = "$(TARGET_NAME)";
				SWIFT_VERSION = 4.0;
				TARGETED_DEVICE_FAMILY = "1,2";
				TEST_HOST = "$(BUILT_PRODUCTS_DIR)/WeatherMobile.app/WeatherMobile";
				WEATHER_API = f135ebb7b7464790d66696975b923a69;
			};
			name = Release;
		};
		C36BA3E020915E56003EED7C /* Debug */ = {
			isa = XCBuildConfiguration;
			baseConfigurationReference = C09D3D36E7D52E0B4F17B354 /* Pods-WeatherMobileUITests.debug.xcconfig */;
			buildSettings = {
				ALWAYS_EMBED_SWIFT_STANDARD_LIBRARIES = YES;
				BUNDLE_LOADER = "$(TEST_HOST)";
				CODE_SIGN_STYLE = Automatic;
				DEVELOPMENT_TEAM = 7VMZXCKB9V;
				INFOPLIST_FILE = WeatherMobileUITests/Info.plist;
				LD_RUNPATH_SEARCH_PATHS = "$(inherited) @executable_path/Frameworks @loader_path/Frameworks";
				PRODUCT_BUNDLE_IDENTIFIER = WM.WeatherMobileUITests;
				PRODUCT_NAME = "$(TARGET_NAME)";
				SWIFT_VERSION = 4.0;
				TARGETED_DEVICE_FAMILY = "1,2";
				TEST_TARGET_NAME = WeatherMobile;
			};
			name = Debug;
		};
		C36BA3E120915E56003EED7C /* Release */ = {
			isa = XCBuildConfiguration;
			baseConfigurationReference = B6DFB9C2F8862C8CE2852C68 /* Pods-WeatherMobileUITests.release.xcconfig */;
			buildSettings = {
				ALWAYS_EMBED_SWIFT_STANDARD_LIBRARIES = YES;
				BUNDLE_LOADER = "$(TEST_HOST)";
				CODE_SIGN_STYLE = Automatic;
				DEVELOPMENT_TEAM = 7VMZXCKB9V;
				INFOPLIST_FILE = WeatherMobileUITests/Info.plist;
				LD_RUNPATH_SEARCH_PATHS = "$(inherited) @executable_path/Frameworks @loader_path/Frameworks";
				PRODUCT_BUNDLE_IDENTIFIER = WM.WeatherMobileUITests;
				PRODUCT_NAME = "$(TARGET_NAME)";
				SWIFT_VERSION = 4.0;
				TARGETED_DEVICE_FAMILY = "1,2";
				TEST_TARGET_NAME = WeatherMobile;
			};
			name = Release;
		};
/* End XCBuildConfiguration section */

/* Begin XCConfigurationList section */
		C36BA3AC20915E53003EED7C /* Build configuration list for PBXProject "WeatherMobile" */ = {
			isa = XCConfigurationList;
			buildConfigurations = (
				C36BA3D720915E56003EED7C /* Debug */,
				C36BA3D820915E56003EED7C /* Release */,
			);
			defaultConfigurationIsVisible = 0;
			defaultConfigurationName = Release;
		};
		C36BA3D920915E56003EED7C /* Build configuration list for PBXNativeTarget "WeatherMobile" */ = {
			isa = XCConfigurationList;
			buildConfigurations = (
				C36BA3DA20915E56003EED7C /* Debug */,
				C36BA3DB20915E56003EED7C /* Release */,
			);
			defaultConfigurationIsVisible = 0;
			defaultConfigurationName = Release;
		};
		C36BA3DC20915E56003EED7C /* Build configuration list for PBXNativeTarget "WeatherMobileTests" */ = {
			isa = XCConfigurationList;
			buildConfigurations = (
				C36BA3DD20915E56003EED7C /* Debug */,
				C36BA3DE20915E56003EED7C /* Release */,
			);
			defaultConfigurationIsVisible = 0;
			defaultConfigurationName = Release;
		};
		C36BA3DF20915E56003EED7C /* Build configuration list for PBXNativeTarget "WeatherMobileUITests" */ = {
			isa = XCConfigurationList;
			buildConfigurations = (
				C36BA3E020915E56003EED7C /* Debug */,
				C36BA3E120915E56003EED7C /* Release */,
			);
			defaultConfigurationIsVisible = 0;
			defaultConfigurationName = Release;
		};
/* End XCConfigurationList section */
	};
	rootObject = C36BA3A920915E53003EED7C /* Project object */;
}
