// !$*UTF8*$!
{
	archiveVersion = 1;
	classes = {
	};
	objectVersion = 50;
	objects = {

/* Begin PBXBuildFile section */
		08F831C740AF99434E18AF5A /* Pods_WeatherMobileUITests.framework in Frameworks */ = {isa = PBXBuildFile; fileRef = 3D3089D7BD54335C55A23AEB /* Pods_WeatherMobileUITests.framework */; };
		23EBBC995FD6E86609D49BC0 /* Pods_WeatherMobileTests.framework in Frameworks */ = {isa = PBXBuildFile; fileRef = 64B563C66D2FD431D04CE1E4 /* Pods_WeatherMobileTests.framework */; };
		552911242F963AE0B38406B0 /* Pods_WeatherMobile.framework in Frameworks */ = {isa = PBXBuildFile; fileRef = 54051767FB3803BB25C1A61F /* Pods_WeatherMobile.framework */; };
		C36BA3B520915E53003EED7C /* AppDelegate.swift in Sources */ = {isa = PBXBuildFile; fileRef = C36BA3B420915E53003EED7C /* AppDelegate.swift */; };
		C36BA3B720915E53003EED7C /* CityListView.swift in Sources */ = {isa = PBXBuildFile; fileRef = C36BA3B620915E53003EED7C /* CityListView.swift */; };
		C36BA3BA20915E53003EED7C /* Main.storyboard in Resources */ = {isa = PBXBuildFile; fileRef = C36BA3B820915E53003EED7C /* Main.storyboard */; };
		C36BA3BC20915E55003EED7C /* Assets.xcassets in Resources */ = {isa = PBXBuildFile; fileRef = C36BA3BB20915E55003EED7C /* Assets.xcassets */; };
		C36BA3BF20915E55003EED7C /* LaunchScreen.storyboard in Resources */ = {isa = PBXBuildFile; fileRef = C36BA3BD20915E55003EED7C /* LaunchScreen.storyboard */; };
		C36BA3D520915E56003EED7C /* WeatherMobileUITests.swift in Sources */ = {isa = PBXBuildFile; fileRef = C36BA3D420915E56003EED7C /* WeatherMobileUITests.swift */; };
		C36BA3E720916262003EED7C /* CityListView.swift in Sources */ = {isa = PBXBuildFile; fileRef = C36BA3B620915E53003EED7C /* CityListView.swift */; };
		C36BA3E820916262003EED7C /* CityListView.swift in Sources */ = {isa = PBXBuildFile; fileRef = C36BA3B620915E53003EED7C /* CityListView.swift */; };
		C36BA3EF2091632A003EED7C /* CityAddView.swift in Sources */ = {isa = PBXBuildFile; fileRef = C36BA3EE2091632A003EED7C /* CityAddView.swift */; };
		C36BA3F02091632A003EED7C /* CityAddView.swift in Sources */ = {isa = PBXBuildFile; fileRef = C36BA3EE2091632A003EED7C /* CityAddView.swift */; };
		C36BA3F12091632A003EED7C /* CityAddView.swift in Sources */ = {isa = PBXBuildFile; fileRef = C36BA3EE2091632A003EED7C /* CityAddView.swift */; };
		C36BA3F32092A00D003EED7C /* CityListPresenter.swift in Sources */ = {isa = PBXBuildFile; fileRef = C36BA3F22092A00D003EED7C /* CityListPresenter.swift */; };
		C36BA3F42092A00D003EED7C /* CityListPresenter.swift in Sources */ = {isa = PBXBuildFile; fileRef = C36BA3F22092A00D003EED7C /* CityListPresenter.swift */; };
		C36BA3F52092A00D003EED7C /* CityListPresenter.swift in Sources */ = {isa = PBXBuildFile; fileRef = C36BA3F22092A00D003EED7C /* CityListPresenter.swift */; };
		C36BA3F82092A166003EED7C /* CityObject.swift in Sources */ = {isa = PBXBuildFile; fileRef = C36BA3F72092A166003EED7C /* CityObject.swift */; };
		C36BA3F92092A166003EED7C /* CityObject.swift in Sources */ = {isa = PBXBuildFile; fileRef = C36BA3F72092A166003EED7C /* CityObject.swift */; };
		C36BA3FA2092A166003EED7C /* CityObject.swift in Sources */ = {isa = PBXBuildFile; fileRef = C36BA3F72092A166003EED7C /* CityObject.swift */; };
		C36BA3FC2092A86E003EED7C /* CityAddService.swift in Sources */ = {isa = PBXBuildFile; fileRef = C36BA3FB2092A86D003EED7C /* CityAddService.swift */; };
		C36BA3FD2092A86E003EED7C /* CityAddService.swift in Sources */ = {isa = PBXBuildFile; fileRef = C36BA3FB2092A86D003EED7C /* CityAddService.swift */; };
		C36BA3FE2092A86E003EED7C /* CityAddService.swift in Sources */ = {isa = PBXBuildFile; fileRef = C36BA3FB2092A86D003EED7C /* CityAddService.swift */; };
		C36BA4002092B733003EED7C /* CityAddPresenter.swift in Sources */ = {isa = PBXBuildFile; fileRef = C36BA3FF2092B733003EED7C /* CityAddPresenter.swift */; };
		C36BA4012092B733003EED7C /* CityAddPresenter.swift in Sources */ = {isa = PBXBuildFile; fileRef = C36BA3FF2092B733003EED7C /* CityAddPresenter.swift */; };
		C36BA4022092B733003EED7C /* CityAddPresenter.swift in Sources */ = {isa = PBXBuildFile; fileRef = C36BA3FF2092B733003EED7C /* CityAddPresenter.swift */; };
		C36BA4082092C75B003EED7C /* CityListTests.swift in Sources */ = {isa = PBXBuildFile; fileRef = C36BA4072092C75B003EED7C /* CityListTests.swift */; };
		C36BA40A2092C8A6003EED7C /* CityAddTests.swift in Sources */ = {isa = PBXBuildFile; fileRef = C36BA4092092C8A6003EED7C /* CityAddTests.swift */; };
/* End PBXBuildFile section */

/* Begin PBXContainerItemProxy section */
		C36BA3C620915E56003EED7C /* PBXContainerItemProxy */ = {
			isa = PBXContainerItemProxy;
			containerPortal = C36BA3A920915E53003EED7C /* Project object */;
			proxyType = 1;
			remoteGlobalIDString = C36BA3B020915E53003EED7C;
			remoteInfo = WeatherMobile;
		};
		C36BA3D120915E56003EED7C /* PBXContainerItemProxy */ = {
			isa = PBXContainerItemProxy;
			containerPortal = C36BA3A920915E53003EED7C /* Project object */;
			proxyType = 1;
			remoteGlobalIDString = C36BA3B020915E53003EED7C;
			remoteInfo = WeatherMobile;
		};
/* End PBXContainerItemProxy section */

/* Begin PBXFileReference section */
		3B0598C0B8872A85EAB7010F /* Pods-WeatherMobileTests.release.xcconfig */ = {isa = PBXFileReference; includeInIndex = 1; lastKnownFileType = text.xcconfig; name = "Pods-WeatherMobileTests.release.xcconfig"; path = "Pods/Target Support Files/Pods-WeatherMobileTests/Pods-WeatherMobileTests.release.xcconfig"; sourceTree = "<group>"; };
		3D3089D7BD54335C55A23AEB /* Pods_WeatherMobileUITests.framework */ = {isa = PBXFileReference; explicitFileType = wrapper.framework; includeInIndex = 0; path = Pods_WeatherMobileUITests.framework; sourceTree = BUILT_PRODUCTS_DIR; };
		54051767FB3803BB25C1A61F /* Pods_WeatherMobile.framework */ = {isa = PBXFileReference; explicitFileType = wrapper.framework; includeInIndex = 0; path = Pods_WeatherMobile.framework; sourceTree = BUILT_PRODUCTS_DIR; };
		64B563C66D2FD431D04CE1E4 /* Pods_WeatherMobileTests.framework */ = {isa = PBXFileReference; explicitFileType = wrapper.framework; includeInIndex = 0; path = Pods_WeatherMobileTests.framework; sourceTree = BUILT_PRODUCTS_DIR; };
		6EC4308284FADE472564B403 /* Pods-WeatherMobileUITests.release.xcconfig */ = {isa = PBXFileReference; includeInIndex = 1; lastKnownFileType = text.xcconfig; name = "Pods-WeatherMobileUITests.release.xcconfig"; path = "Pods/Target Support Files/Pods-WeatherMobileUITests/Pods-WeatherMobileUITests.release.xcconfig"; sourceTree = "<group>"; };
		8DB0C514CC41600C90565468 /* Pods-WeatherMobile.debug.xcconfig */ = {isa = PBXFileReference; includeInIndex = 1; lastKnownFileType = text.xcconfig; name = "Pods-WeatherMobile.debug.xcconfig"; path = "Pods/Target Support Files/Pods-WeatherMobile/Pods-WeatherMobile.debug.xcconfig"; sourceTree = "<group>"; };
		C36BA3B120915E53003EED7C /* WeatherMobile.app */ = {isa = PBXFileReference; explicitFileType = wrapper.application; includeInIndex = 0; path = WeatherMobile.app; sourceTree = BUILT_PRODUCTS_DIR; };
		C36BA3B420915E53003EED7C /* AppDelegate.swift */ = {isa = PBXFileReference; lastKnownFileType = sourcecode.swift; path = AppDelegate.swift; sourceTree = "<group>"; };
		C36BA3B620915E53003EED7C /* CityListView.swift */ = {isa = PBXFileReference; lastKnownFileType = sourcecode.swift; path = CityListView.swift; sourceTree = "<group>"; };
		C36BA3B920915E53003EED7C /* Base */ = {isa = PBXFileReference; lastKnownFileType = file.storyboard; name = Base; path = Base.lproj/Main.storyboard; sourceTree = "<group>"; };
		C36BA3BB20915E55003EED7C /* Assets.xcassets */ = {isa = PBXFileReference; lastKnownFileType = folder.assetcatalog; path = Assets.xcassets; sourceTree = "<group>"; };
		C36BA3BE20915E55003EED7C /* Base */ = {isa = PBXFileReference; lastKnownFileType = file.storyboard; name = Base; path = Base.lproj/LaunchScreen.storyboard; sourceTree = "<group>"; };
		C36BA3C020915E55003EED7C /* Info.plist */ = {isa = PBXFileReference; lastKnownFileType = text.plist.xml; path = Info.plist; sourceTree = "<group>"; };
		C36BA3C520915E56003EED7C /* WeatherMobileTests.xctest */ = {isa = PBXFileReference; explicitFileType = wrapper.cfbundle; includeInIndex = 0; path = WeatherMobileTests.xctest; sourceTree = BUILT_PRODUCTS_DIR; };
		C36BA3CB20915E56003EED7C /* Info.plist */ = {isa = PBXFileReference; lastKnownFileType = text.plist.xml; path = Info.plist; sourceTree = "<group>"; };
		C36BA3D020915E56003EED7C /* WeatherMobileUITests.xctest */ = {isa = PBXFileReference; explicitFileType = wrapper.cfbundle; includeInIndex = 0; path = WeatherMobileUITests.xctest; sourceTree = BUILT_PRODUCTS_DIR; };
		C36BA3D420915E56003EED7C /* WeatherMobileUITests.swift */ = {isa = PBXFileReference; lastKnownFileType = sourcecode.swift; path = WeatherMobileUITests.swift; sourceTree = "<group>"; };
		C36BA3D620915E56003EED7C /* Info.plist */ = {isa = PBXFileReference; lastKnownFileType = text.plist.xml; path = Info.plist; sourceTree = "<group>"; };
		C36BA3EE2091632A003EED7C /* CityAddView.swift */ = {isa = PBXFileReference; lastKnownFileType = sourcecode.swift; path = CityAddView.swift; sourceTree = "<group>"; };
		C36BA3F22092A00D003EED7C /* CityListPresenter.swift */ = {isa = PBXFileReference; lastKnownFileType = sourcecode.swift; path = CityListPresenter.swift; sourceTree = "<group>"; };
		C36BA3F72092A166003EED7C /* CityObject.swift */ = {isa = PBXFileReference; lastKnownFileType = sourcecode.swift; path = CityObject.swift; sourceTree = "<group>"; };
		C36BA3FB2092A86D003EED7C /* CityAddService.swift */ = {isa = PBXFileReference; lastKnownFileType = sourcecode.swift; path = CityAddService.swift; sourceTree = "<group>"; };
		C36BA3FF2092B733003EED7C /* CityAddPresenter.swift */ = {isa = PBXFileReference; lastKnownFileType = sourcecode.swift; path = CityAddPresenter.swift; sourceTree = "<group>"; };
		C36BA4072092C75B003EED7C /* CityListTests.swift */ = {isa = PBXFileReference; lastKnownFileType = sourcecode.swift; path = CityListTests.swift; sourceTree = "<group>"; };
		C36BA4092092C8A6003EED7C /* CityAddTests.swift */ = {isa = PBXFileReference; lastKnownFileType = sourcecode.swift; path = CityAddTests.swift; sourceTree = "<group>"; };
		D7C2B4FB3C7F298A27CF31D5 /* Pods-WeatherMobileUITests.debug.xcconfig */ = {isa = PBXFileReference; includeInIndex = 1; lastKnownFileType = text.xcconfig; name = "Pods-WeatherMobileUITests.debug.xcconfig"; path = "Pods/Target Support Files/Pods-WeatherMobileUITests/Pods-WeatherMobileUITests.debug.xcconfig"; sourceTree = "<group>"; };
		E2B44508CAA55479221F7EFD /* Pods-WeatherMobile.release.xcconfig */ = {isa = PBXFileReference; includeInIndex = 1; lastKnownFileType = text.xcconfig; name = "Pods-WeatherMobile.release.xcconfig"; path = "Pods/Target Support Files/Pods-WeatherMobile/Pods-WeatherMobile.release.xcconfig"; sourceTree = "<group>"; };
		EFCD444B1FB0E2E74E7C44D2 /* Pods-WeatherMobileTests.debug.xcconfig */ = {isa = PBXFileReference; includeInIndex = 1; lastKnownFileType = text.xcconfig; name = "Pods-WeatherMobileTests.debug.xcconfig"; path = "Pods/Target Support Files/Pods-WeatherMobileTests/Pods-WeatherMobileTests.debug.xcconfig"; sourceTree = "<group>"; };
/* End PBXFileReference section */

/* Begin PBXFrameworksBuildPhase section */
		C36BA3AE20915E53003EED7C /* Frameworks */ = {
			isa = PBXFrameworksBuildPhase;
			buildActionMask = 2147483647;
			files = (
				552911242F963AE0B38406B0 /* Pods_WeatherMobile.framework in Frameworks */,
			);
			runOnlyForDeploymentPostprocessing = 0;
		};
		C36BA3C220915E56003EED7C /* Frameworks */ = {
			isa = PBXFrameworksBuildPhase;
			buildActionMask = 2147483647;
			files = (
				23EBBC995FD6E86609D49BC0 /* Pods_WeatherMobileTests.framework in Frameworks */,
			);
			runOnlyForDeploymentPostprocessing = 0;
		};
		C36BA3CD20915E56003EED7C /* Frameworks */ = {
			isa = PBXFrameworksBuildPhase;
			buildActionMask = 2147483647;
			files = (
				08F831C740AF99434E18AF5A /* Pods_WeatherMobileUITests.framework in Frameworks */,
			);
			runOnlyForDeploymentPostprocessing = 0;
		};
/* End PBXFrameworksBuildPhase section */

/* Begin PBXGroup section */
		1DC2EA1B62ADC664AA944539 /* Pods */ = {
			isa = PBXGroup;
			children = (
				8DB0C514CC41600C90565468 /* Pods-WeatherMobile.debug.xcconfig */,
				E2B44508CAA55479221F7EFD /* Pods-WeatherMobile.release.xcconfig */,
				EFCD444B1FB0E2E74E7C44D2 /* Pods-WeatherMobileTests.debug.xcconfig */,
				3B0598C0B8872A85EAB7010F /* Pods-WeatherMobileTests.release.xcconfig */,
				D7C2B4FB3C7F298A27CF31D5 /* Pods-WeatherMobileUITests.debug.xcconfig */,
				6EC4308284FADE472564B403 /* Pods-WeatherMobileUITests.release.xcconfig */,
			);
			name = Pods;
			sourceTree = "<group>";
		};
		87863EACE3BE60D7644A47B8 /* Frameworks */ = {
			isa = PBXGroup;
			children = (
				54051767FB3803BB25C1A61F /* Pods_WeatherMobile.framework */,
				64B563C66D2FD431D04CE1E4 /* Pods_WeatherMobileTests.framework */,
				3D3089D7BD54335C55A23AEB /* Pods_WeatherMobileUITests.framework */,
			);
			name = Frameworks;
			sourceTree = "<group>";
		};
		C36BA3A820915E53003EED7C = {
			isa = PBXGroup;
			children = (
				C36BA3B320915E53003EED7C /* WeatherMobile */,
				C36BA3C820915E56003EED7C /* WeatherMobileTests */,
				C36BA3D320915E56003EED7C /* WeatherMobileUITests */,
				C36BA3B220915E53003EED7C /* Products */,
				1DC2EA1B62ADC664AA944539 /* Pods */,
				87863EACE3BE60D7644A47B8 /* Frameworks */,
			);
			sourceTree = "<group>";
		};
		C36BA3B220915E53003EED7C /* Products */ = {
			isa = PBXGroup;
			children = (
				C36BA3B120915E53003EED7C /* WeatherMobile.app */,
				C36BA3C520915E56003EED7C /* WeatherMobileTests.xctest */,
				C36BA3D020915E56003EED7C /* WeatherMobileUITests.xctest */,
			);
			name = Products;
			sourceTree = "<group>";
		};
		C36BA3B320915E53003EED7C /* WeatherMobile */ = {
			isa = PBXGroup;
			children = (
				C36BA3B420915E53003EED7C /* AppDelegate.swift */,
				C36BA3F62092A14F003EED7C /* Model */,
				C36BA3E22091613D003EED7C /* CityList */,
				C36BA3E9209162D4003EED7C /* CityAdd */,
				C36BA3B820915E53003EED7C /* Main.storyboard */,
				C36BA3BB20915E55003EED7C /* Assets.xcassets */,
				C36BA3BD20915E55003EED7C /* LaunchScreen.storyboard */,
				C36BA3C020915E55003EED7C /* Info.plist */,
			);
			path = WeatherMobile;
			sourceTree = "<group>";
		};
		C36BA3C820915E56003EED7C /* WeatherMobileTests */ = {
			isa = PBXGroup;
			children = (
				C36BA4072092C75B003EED7C /* CityListTests.swift */,
				C36BA4092092C8A6003EED7C /* CityAddTests.swift */,
				C36BA3CB20915E56003EED7C /* Info.plist */,
			);
			path = WeatherMobileTests;
			sourceTree = "<group>";
		};
		C36BA3D320915E56003EED7C /* WeatherMobileUITests */ = {
			isa = PBXGroup;
			children = (
				C36BA3D420915E56003EED7C /* WeatherMobileUITests.swift */,
				C36BA3D620915E56003EED7C /* Info.plist */,
			);
			path = WeatherMobileUITests;
			sourceTree = "<group>";
		};
		C36BA3E22091613D003EED7C /* CityList */ = {
			isa = PBXGroup;
			children = (
				C36BA3B620915E53003EED7C /* CityListView.swift */,
				C36BA3F22092A00D003EED7C /* CityListPresenter.swift */,
			);
			path = CityList;
			sourceTree = "<group>";
		};
		C36BA3E9209162D4003EED7C /* CityAdd */ = {
			isa = PBXGroup;
			children = (
				C36BA3EE2091632A003EED7C /* CityAddView.swift */,
				C36BA3FF2092B733003EED7C /* CityAddPresenter.swift */,
				C36BA3FB2092A86D003EED7C /* CityAddService.swift */,
			);
			path = CityAdd;
			sourceTree = "<group>";
		};
		C36BA3F62092A14F003EED7C /* Model */ = {
			isa = PBXGroup;
			children = (
				C36BA3F72092A166003EED7C /* CityObject.swift */,
			);
			path = Model;
			sourceTree = "<group>";
		};
/* End PBXGroup section */

/* Begin PBXNativeTarget section */
		C36BA3B020915E53003EED7C /* WeatherMobile */ = {
			isa = PBXNativeTarget;
			buildConfigurationList = C36BA3D920915E56003EED7C /* Build configuration list for PBXNativeTarget "WeatherMobile" */;
			buildPhases = (
				604FB084D54122ADC4E87B84 /* [CP] Check Pods Manifest.lock */,
				C36BA3AD20915E53003EED7C /* Sources */,
				C36BA3AE20915E53003EED7C /* Frameworks */,
				C36BA3AF20915E53003EED7C /* Resources */,
				9E7F0DF688799A4F543DCB3B /* [CP] Embed Pods Frameworks */,
			);
			buildRules = (
			);
			dependencies = (
			);
			name = WeatherMobile;
			productName = WeatherMobile;
			productReference = C36BA3B120915E53003EED7C /* WeatherMobile.app */;
			productType = "com.apple.product-type.application";
		};
		C36BA3C420915E56003EED7C /* WeatherMobileTests */ = {
			isa = PBXNativeTarget;
			buildConfigurationList = C36BA3DC20915E56003EED7C /* Build configuration list for PBXNativeTarget "WeatherMobileTests" */;
			buildPhases = (
				669D68604229C4737D927BC3 /* [CP] Check Pods Manifest.lock */,
				C36BA3C120915E56003EED7C /* Sources */,
				C36BA3C220915E56003EED7C /* Frameworks */,
				C36BA3C320915E56003EED7C /* Resources */,
			);
			buildRules = (
			);
			dependencies = (
				C36BA3C720915E56003EED7C /* PBXTargetDependency */,
			);
			name = WeatherMobileTests;
			productName = WeatherMobileTests;
			productReference = C36BA3C520915E56003EED7C /* WeatherMobileTests.xctest */;
			productType = "com.apple.product-type.bundle.unit-test";
		};
		C36BA3CF20915E56003EED7C /* WeatherMobileUITests */ = {
			isa = PBXNativeTarget;
			buildConfigurationList = C36BA3DF20915E56003EED7C /* Build configuration list for PBXNativeTarget "WeatherMobileUITests" */;
			buildPhases = (
				48510C0AB30B61FA4683621E /* [CP] Check Pods Manifest.lock */,
				C36BA3CC20915E56003EED7C /* Sources */,
				C36BA3CD20915E56003EED7C /* Frameworks */,
				C36BA3CE20915E56003EED7C /* Resources */,
			);
			buildRules = (
			);
			dependencies = (
				C36BA3D220915E56003EED7C /* PBXTargetDependency */,
			);
			name = WeatherMobileUITests;
			productName = WeatherMobileUITests;
			productReference = C36BA3D020915E56003EED7C /* WeatherMobileUITests.xctest */;
			productType = "com.apple.product-type.bundle.ui-testing";
		};
/* End PBXNativeTarget section */

/* Begin PBXProject section */
		C36BA3A920915E53003EED7C /* Project object */ = {
			isa = PBXProject;
			attributes = {
				LastSwiftUpdateCheck = 0930;
				LastUpgradeCheck = 0930;
				ORGANIZATIONNAME = WM;
				TargetAttributes = {
					C36BA3B020915E53003EED7C = {
						CreatedOnToolsVersion = 9.3;
					};
					C36BA3C420915E56003EED7C = {
						CreatedOnToolsVersion = 9.3;
						TestTargetID = C36BA3B020915E53003EED7C;
					};
					C36BA3CF20915E56003EED7C = {
						CreatedOnToolsVersion = 9.3;
						TestTargetID = C36BA3B020915E53003EED7C;
					};
				};
			};
			buildConfigurationList = C36BA3AC20915E53003EED7C /* Build configuration list for PBXProject "WeatherMobile" */;
			compatibilityVersion = "Xcode 9.3";
			developmentRegion = en;
			hasScannedForEncodings = 0;
			knownRegions = (
				en,
				Base,
			);
			mainGroup = C36BA3A820915E53003EED7C;
			productRefGroup = C36BA3B220915E53003EED7C /* Products */;
			projectDirPath = "";
			projectRoot = "";
			targets = (
				C36BA3B020915E53003EED7C /* WeatherMobile */,
				C36BA3C420915E56003EED7C /* WeatherMobileTests */,
				C36BA3CF20915E56003EED7C /* WeatherMobileUITests */,
			);
		};
/* End PBXProject section */

/* Begin PBXResourcesBuildPhase section */
		C36BA3AF20915E53003EED7C /* Resources */ = {
			isa = PBXResourcesBuildPhase;
			buildActionMask = 2147483647;
			files = (
				C36BA3BF20915E55003EED7C /* LaunchScreen.storyboard in Resources */,
				C36BA3BC20915E55003EED7C /* Assets.xcassets in Resources */,
				C36BA3BA20915E53003EED7C /* Main.storyboard in Resources */,
			);
			runOnlyForDeploymentPostprocessing = 0;
		};
		C36BA3C320915E56003EED7C /* Resources */ = {
			isa = PBXResourcesBuildPhase;
			buildActionMask = 2147483647;
			files = (
			);
			runOnlyForDeploymentPostprocessing = 0;
		};
		C36BA3CE20915E56003EED7C /* Resources */ = {
			isa = PBXResourcesBuildPhase;
			buildActionMask = 2147483647;
			files = (
			);
			runOnlyForDeploymentPostprocessing = 0;
		};
/* End PBXResourcesBuildPhase section */

/* Begin PBXShellScriptBuildPhase section */
		48510C0AB30B61FA4683621E /* [CP] Check Pods Manifest.lock */ = {
			isa = PBXShellScriptBuildPhase;
			buildActionMask = 2147483647;
			files = (
			);
			inputPaths = (
				"${PODS_PODFILE_DIR_PATH}/Podfile.lock",
				"${PODS_ROOT}/Manifest.lock",
			);
			name = "[CP] Check Pods Manifest.lock";
			outputPaths = (
				"$(DERIVED_FILE_DIR)/Pods-WeatherMobileUITests-checkManifestLockResult.txt",
			);
			runOnlyForDeploymentPostprocessing = 0;
			shellPath = /bin/sh;
			shellScript = "diff \"${PODS_PODFILE_DIR_PATH}/Podfile.lock\" \"${PODS_ROOT}/Manifest.lock\" > /dev/null\nif [ $? != 0 ] ; then\n    # print error to STDERR\n    echo \"error: The sandbox is not in sync with the Podfile.lock. Run 'pod install' or update your CocoaPods installation.\" >&2\n    exit 1\nfi\n# This output is used by Xcode 'outputs' to avoid re-running this script phase.\necho \"SUCCESS\" > \"${SCRIPT_OUTPUT_FILE_0}\"\n";
			showEnvVarsInLog = 0;
		};
		604FB084D54122ADC4E87B84 /* [CP] Check Pods Manifest.lock */ = {
			isa = PBXShellScriptBuildPhase;
			buildActionMask = 2147483647;
			files = (
			);
			inputPaths = (
				"${PODS_PODFILE_DIR_PATH}/Podfile.lock",
				"${PODS_ROOT}/Manifest.lock",
			);
			name = "[CP] Check Pods Manifest.lock";
			outputPaths = (
				"$(DERIVED_FILE_DIR)/Pods-WeatherMobile-checkManifestLockResult.txt",
			);
			runOnlyForDeploymentPostprocessing = 0;
			shellPath = /bin/sh;
			shellScript = "diff \"${PODS_PODFILE_DIR_PATH}/Podfile.lock\" \"${PODS_ROOT}/Manifest.lock\" > /dev/null\nif [ $? != 0 ] ; then\n    # print error to STDERR\n    echo \"error: The sandbox is not in sync with the Podfile.lock. Run 'pod install' or update your CocoaPods installation.\" >&2\n    exit 1\nfi\n# This output is used by Xcode 'outputs' to avoid re-running this script phase.\necho \"SUCCESS\" > \"${SCRIPT_OUTPUT_FILE_0}\"\n";
			showEnvVarsInLog = 0;
		};
		669D68604229C4737D927BC3 /* [CP] Check Pods Manifest.lock */ = {
			isa = PBXShellScriptBuildPhase;
			buildActionMask = 2147483647;
			files = (
			);
			inputPaths = (
				"${PODS_PODFILE_DIR_PATH}/Podfile.lock",
				"${PODS_ROOT}/Manifest.lock",
			);
			name = "[CP] Check Pods Manifest.lock";
			outputPaths = (
				"$(DERIVED_FILE_DIR)/Pods-WeatherMobileTests-checkManifestLockResult.txt",
			);
			runOnlyForDeploymentPostprocessing = 0;
			shellPath = /bin/sh;
			shellScript = "diff \"${PODS_PODFILE_DIR_PATH}/Podfile.lock\" \"${PODS_ROOT}/Manifest.lock\" > /dev/null\nif [ $? != 0 ] ; then\n    # print error to STDERR\n    echo \"error: The sandbox is not in sync with the Podfile.lock. Run 'pod install' or update your CocoaPods installation.\" >&2\n    exit 1\nfi\n# This output is used by Xcode 'outputs' to avoid re-running this script phase.\necho \"SUCCESS\" > \"${SCRIPT_OUTPUT_FILE_0}\"\n";
			showEnvVarsInLog = 0;
		};
		9E7F0DF688799A4F543DCB3B /* [CP] Embed Pods Frameworks */ = {
			isa = PBXShellScriptBuildPhase;
			buildActionMask = 2147483647;
			files = (
			);
			inputPaths = (
				"${SRCROOT}/Pods/Target Support Files/Pods-WeatherMobile/Pods-WeatherMobile-frameworks.sh",
				"${BUILT_PRODUCTS_DIR}/Alamofire/Alamofire.framework",
			);
			name = "[CP] Embed Pods Frameworks";
			outputPaths = (
				"${TARGET_BUILD_DIR}/${FRAMEWORKS_FOLDER_PATH}/Alamofire.framework",
			);
			runOnlyForDeploymentPostprocessing = 0;
			shellPath = /bin/sh;
			shellScript = "\"${SRCROOT}/Pods/Target Support Files/Pods-WeatherMobile/Pods-WeatherMobile-frameworks.sh\"\n";
			showEnvVarsInLog = 0;
		};
/* End PBXShellScriptBuildPhase section */

/* Begin PBXSourcesBuildPhase section */
		C36BA3AD20915E53003EED7C /* Sources */ = {
			isa = PBXSourcesBuildPhase;
			buildActionMask = 2147483647;
			files = (
				C36BA4002092B733003EED7C /* CityAddPresenter.swift in Sources */,
				C36BA3B720915E53003EED7C /* CityListView.swift in Sources */,
				C36BA3F82092A166003EED7C /* CityObject.swift in Sources */,
				C36BA3F32092A00D003EED7C /* CityListPresenter.swift in Sources */,
				C36BA3B520915E53003EED7C /* AppDelegate.swift in Sources */,
				C36BA3FC2092A86E003EED7C /* CityAddService.swift in Sources */,
				C36BA3EF2091632A003EED7C /* CityAddView.swift in Sources */,
			);
			runOnlyForDeploymentPostprocessing = 0;
		};
		C36BA3C120915E56003EED7C /* Sources */ = {
			isa = PBXSourcesBuildPhase;
			buildActionMask = 2147483647;
			files = (
				C36BA4012092B733003EED7C /* CityAddPresenter.swift in Sources */,
				C36BA3E720916262003EED7C /* CityListView.swift in Sources */,
				C36BA40A2092C8A6003EED7C /* CityAddTests.swift in Sources */,
				C36BA3F92092A166003EED7C /* CityObject.swift in Sources */,
				C36BA3F42092A00D003EED7C /* CityListPresenter.swift in Sources */,
				C36BA3FD2092A86E003EED7C /* CityAddService.swift in Sources */,
				C36BA4082092C75B003EED7C /* CityListTests.swift in Sources */,
				C36BA3F02091632A003EED7C /* CityAddView.swift in Sources */,
			);
			runOnlyForDeploymentPostprocessing = 0;
		};
		C36BA3CC20915E56003EED7C /* Sources */ = {
			isa = PBXSourcesBuildPhase;
			buildActionMask = 2147483647;
			files = (
				C36BA4022092B733003EED7C /* CityAddPresenter.swift in Sources */,
				C36BA3E820916262003EED7C /* CityListView.swift in Sources */,
				C36BA3D520915E56003EED7C /* WeatherMobileUITests.swift in Sources */,
				C36BA3FA2092A166003EED7C /* CityObject.swift in Sources */,
				C36BA3F52092A00D003EED7C /* CityListPresenter.swift in Sources */,
				C36BA3FE2092A86E003EED7C /* CityAddService.swift in Sources */,
				C36BA3F12091632A003EED7C /* CityAddView.swift in Sources */,
			);
			runOnlyForDeploymentPostprocessing = 0;
		};
/* End PBXSourcesBuildPhase section */

/* Begin PBXTargetDependency section */
		C36BA3C720915E56003EED7C /* PBXTargetDependency */ = {
			isa = PBXTargetDependency;
			target = C36BA3B020915E53003EED7C /* WeatherMobile */;
			targetProxy = C36BA3C620915E56003EED7C /* PBXContainerItemProxy */;
		};
		C36BA3D220915E56003EED7C /* PBXTargetDependency */ = {
			isa = PBXTargetDependency;
			target = C36BA3B020915E53003EED7C /* WeatherMobile */;
			targetProxy = C36BA3D120915E56003EED7C /* PBXContainerItemProxy */;
		};
/* End PBXTargetDependency section */

/* Begin PBXVariantGroup section */
		C36BA3B820915E53003EED7C /* Main.storyboard */ = {
			isa = PBXVariantGroup;
			children = (
				C36BA3B920915E53003EED7C /* Base */,
			);
			name = Main.storyboard;
			sourceTree = "<group>";
		};
		C36BA3BD20915E55003EED7C /* LaunchScreen.storyboard */ = {
			isa = PBXVariantGroup;
			children = (
				C36BA3BE20915E55003EED7C /* Base */,
			);
			name = LaunchScreen.storyboard;
			sourceTree = "<group>";
		};
/* End PBXVariantGroup section */

/* Begin XCBuildConfiguration section */
		C36BA3D720915E56003EED7C /* Debug */ = {
			isa = XCBuildConfiguration;
			buildSettings = {
				ALWAYS_SEARCH_USER_PATHS = NO;
				CLANG_ANALYZER_NONNULL = YES;
				CLANG_ANALYZER_NUMBER_OBJECT_CONVERSION = YES_AGGRESSIVE;
				CLANG_CXX_LANGUAGE_STANDARD = "gnu++14";
				CLANG_CXX_LIBRARY = "libc++";
				CLANG_ENABLE_MODULES = YES;
				CLANG_ENABLE_OBJC_ARC = YES;
				CLANG_ENABLE_OBJC_WEAK = YES;
				CLANG_WARN_BLOCK_CAPTURE_AUTORELEASING = YES;
				CLANG_WARN_BOOL_CONVERSION = YES;
				CLANG_WARN_COMMA = YES;
				CLANG_WARN_CONSTANT_CONVERSION = YES;
				CLANG_WARN_DEPRECATED_OBJC_IMPLEMENTATIONS = YES;
				CLANG_WARN_DIRECT_OBJC_ISA_USAGE = YES_ERROR;
				CLANG_WARN_DOCUMENTATION_COMMENTS = YES;
				CLANG_WARN_EMPTY_BODY = YES;
				CLANG_WARN_ENUM_CONVERSION = YES;
				CLANG_WARN_INFINITE_RECURSION = YES;
				CLANG_WARN_INT_CONVERSION = YES;
				CLANG_WARN_NON_LITERAL_NULL_CONVERSION = YES;
				CLANG_WARN_OBJC_IMPLICIT_RETAIN_SELF = YES;
				CLANG_WARN_OBJC_LITERAL_CONVERSION = YES;
				CLANG_WARN_OBJC_ROOT_CLASS = YES_ERROR;
				CLANG_WARN_RANGE_LOOP_ANALYSIS = YES;
				CLANG_WARN_STRICT_PROTOTYPES = YES;
				CLANG_WARN_SUSPICIOUS_MOVE = YES;
				CLANG_WARN_UNGUARDED_AVAILABILITY = YES_AGGRESSIVE;
				CLANG_WARN_UNREACHABLE_CODE = YES;
				CLANG_WARN__DUPLICATE_METHOD_MATCH = YES;
				CODE_SIGN_IDENTITY = "iPhone Developer";
				COPY_PHASE_STRIP = NO;
				DEBUG_INFORMATION_FORMAT = dwarf;
				ENABLE_STRICT_OBJC_MSGSEND = YES;
				ENABLE_TESTABILITY = YES;
				GCC_C_LANGUAGE_STANDARD = gnu11;
				GCC_DYNAMIC_NO_PIC = NO;
				GCC_NO_COMMON_BLOCKS = YES;
				GCC_OPTIMIZATION_LEVEL = 0;
				GCC_PREPROCESSOR_DEFINITIONS = (
					"DEBUG=1",
					"$(inherited)",
				);
				GCC_WARN_64_TO_32_BIT_CONVERSION = YES;
				GCC_WARN_ABOUT_RETURN_TYPE = YES_ERROR;
				GCC_WARN_UNDECLARED_SELECTOR = YES;
				GCC_WARN_UNINITIALIZED_AUTOS = YES_AGGRESSIVE;
				GCC_WARN_UNUSED_FUNCTION = YES;
				GCC_WARN_UNUSED_VARIABLE = YES;
				IPHONEOS_DEPLOYMENT_TARGET = 10.0;
				MTL_ENABLE_DEBUG_INFO = YES;
				ONLY_ACTIVE_ARCH = YES;
				SDKROOT = iphoneos;
				SWIFT_ACTIVE_COMPILATION_CONDITIONS = DEBUG;
				SWIFT_OPTIMIZATION_LEVEL = "-Onone";
			};
			name = Debug;
		};
		C36BA3D820915E56003EED7C /* Release */ = {
			isa = XCBuildConfiguration;
			buildSettings = {
				ALWAYS_SEARCH_USER_PATHS = NO;
				CLANG_ANALYZER_NONNULL = YES;
				CLANG_ANALYZER_NUMBER_OBJECT_CONVERSION = YES_AGGRESSIVE;
				CLANG_CXX_LANGUAGE_STANDARD = "gnu++14";
				CLANG_CXX_LIBRARY = "libc++";
				CLANG_ENABLE_MODULES = YES;
				CLANG_ENABLE_OBJC_ARC = YES;
				CLANG_ENABLE_OBJC_WEAK = YES;
				CLANG_WARN_BLOCK_CAPTURE_AUTORELEASING = YES;
				CLANG_WARN_BOOL_CONVERSION = YES;
				CLANG_WARN_COMMA = YES;
				CLANG_WARN_CONSTANT_CONVERSION = YES;
				CLANG_WARN_DEPRECATED_OBJC_IMPLEMENTATIONS = YES;
				CLANG_WARN_DIRECT_OBJC_ISA_USAGE = YES_ERROR;
				CLANG_WARN_DOCUMENTATION_COMMENTS = YES;
				CLANG_WARN_EMPTY_BODY = YES;
				CLANG_WARN_ENUM_CONVERSION = YES;
				CLANG_WARN_INFINITE_RECURSION = YES;
				CLANG_WARN_INT_CONVERSION = YES;
				CLANG_WARN_NON_LITERAL_NULL_CONVERSION = YES;
				CLANG_WARN_OBJC_IMPLICIT_RETAIN_SELF = YES;
				CLANG_WARN_OBJC_LITERAL_CONVERSION = YES;
				CLANG_WARN_OBJC_ROOT_CLASS = YES_ERROR;
				CLANG_WARN_RANGE_LOOP_ANALYSIS = YES;
				CLANG_WARN_STRICT_PROTOTYPES = YES;
				CLANG_WARN_SUSPICIOUS_MOVE = YES;
				CLANG_WARN_UNGUARDED_AVAILABILITY = YES_AGGRESSIVE;
				CLANG_WARN_UNREACHABLE_CODE = YES;
				CLANG_WARN__DUPLICATE_METHOD_MATCH = YES;
				CODE_SIGN_IDENTITY = "iPhone Developer";
				COPY_PHASE_STRIP = NO;
				DEBUG_INFORMATION_FORMAT = "dwarf-with-dsym";
				ENABLE_NS_ASSERTIONS = NO;
				ENABLE_STRICT_OBJC_MSGSEND = YES;
				GCC_C_LANGUAGE_STANDARD = gnu11;
				GCC_NO_COMMON_BLOCKS = YES;
				GCC_WARN_64_TO_32_BIT_CONVERSION = YES;
				GCC_WARN_ABOUT_RETURN_TYPE = YES_ERROR;
				GCC_WARN_UNDECLARED_SELECTOR = YES;
				GCC_WARN_UNINITIALIZED_AUTOS = YES_AGGRESSIVE;
				GCC_WARN_UNUSED_FUNCTION = YES;
				GCC_WARN_UNUSED_VARIABLE = YES;
				IPHONEOS_DEPLOYMENT_TARGET = 10.0;
				MTL_ENABLE_DEBUG_INFO = NO;
				SDKROOT = iphoneos;
				SWIFT_COMPILATION_MODE = wholemodule;
				SWIFT_OPTIMIZATION_LEVEL = "-O";
				VALIDATE_PRODUCT = YES;
			};
			name = Release;
		};
		C36BA3DA20915E56003EED7C /* Debug */ = {
			isa = XCBuildConfiguration;
			baseConfigurationReference = 8DB0C514CC41600C90565468 /* Pods-WeatherMobile.debug.xcconfig */;
			buildSettings = {
				ASSETCATALOG_COMPILER_APPICON_NAME = AppIcon;
				CODE_SIGN_STYLE = Automatic;
				DEVELOPMENT_TEAM = 7VMZXCKB9V;
				INFOPLIST_FILE = WeatherMobile/Info.plist;
				LD_RUNPATH_SEARCH_PATHS = (
					"$(inherited)",
					"@executable_path/Frameworks",
				);
				PRODUCT_BUNDLE_IDENTIFIER = WM.WeatherMobile;
				PRODUCT_NAME = "$(TARGET_NAME)";
				SWIFT_VERSION = 4.0;
				TARGETED_DEVICE_FAMILY = "1,2";
			};
			name = Debug;
		};
		C36BA3DB20915E56003EED7C /* Release */ = {
			isa = XCBuildConfiguration;
			baseConfigurationReference = E2B44508CAA55479221F7EFD /* Pods-WeatherMobile.release.xcconfig */;
			buildSettings = {
				ASSETCATALOG_COMPILER_APPICON_NAME = AppIcon;
				CODE_SIGN_STYLE = Automatic;
				DEVELOPMENT_TEAM = 7VMZXCKB9V;
				INFOPLIST_FILE = WeatherMobile/Info.plist;
				LD_RUNPATH_SEARCH_PATHS = (
					"$(inherited)",
					"@executable_path/Frameworks",
				);
				PRODUCT_BUNDLE_IDENTIFIER = WM.WeatherMobile;
				PRODUCT_NAME = "$(TARGET_NAME)";
				SWIFT_VERSION = 4.0;
				TARGETED_DEVICE_FAMILY = "1,2";
			};
			name = Release;
		};
		C36BA3DD20915E56003EED7C /* Debug */ = {
			isa = XCBuildConfiguration;
			baseConfigurationReference = EFCD444B1FB0E2E74E7C44D2 /* Pods-WeatherMobileTests.debug.xcconfig */;
			buildSettings = {
				ALWAYS_EMBED_SWIFT_STANDARD_LIBRARIES = YES;
				BUNDLE_LOADER = "$(TEST_HOST)";
				CODE_SIGN_STYLE = Automatic;
				DEVELOPMENT_TEAM = PXET93P45N;
				INFOPLIST_FILE = WeatherMobileTests/Info.plist;
				LD_RUNPATH_SEARCH_PATHS = (
					"$(inherited)",
					"@executable_path/Frameworks",
					"@loader_path/Frameworks",
				);
				PRODUCT_BUNDLE_IDENTIFIER = WM.WeatherMobileTests;
				PRODUCT_NAME = "$(TARGET_NAME)";
				SWIFT_VERSION = 4.0;
				TARGETED_DEVICE_FAMILY = "1,2";
				TEST_HOST = "$(BUILT_PRODUCTS_DIR)/WeatherMobile.app/WeatherMobile";
			};
			name = Debug;
		};
		C36BA3DE20915E56003EED7C /* Release */ = {
			isa = XCBuildConfiguration;
			baseConfigurationReference = 3B0598C0B8872A85EAB7010F /* Pods-WeatherMobileTests.release.xcconfig */;
			buildSettings = {
				ALWAYS_EMBED_SWIFT_STANDARD_LIBRARIES = YES;
				BUNDLE_LOADER = "$(TEST_HOST)";
				CODE_SIGN_STYLE = Automatic;
				DEVELOPMENT_TEAM = PXET93P45N;
				INFOPLIST_FILE = WeatherMobileTests/Info.plist;
				LD_RUNPATH_SEARCH_PATHS = (
					"$(inherited)",
					"@executable_path/Frameworks",
					"@loader_path/Frameworks",
				);
				PRODUCT_BUNDLE_IDENTIFIER = WM.WeatherMobileTests;
				PRODUCT_NAME = "$(TARGET_NAME)";
				SWIFT_VERSION = 4.0;
				TARGETED_DEVICE_FAMILY = "1,2";
				TEST_HOST = "$(BUILT_PRODUCTS_DIR)/WeatherMobile.app/WeatherMobile";
			};
			name = Release;
		};
		C36BA3E020915E56003EED7C /* Debug */ = {
			isa = XCBuildConfiguration;
			baseConfigurationReference = D7C2B4FB3C7F298A27CF31D5 /* Pods-WeatherMobileUITests.debug.xcconfig */;
			buildSettings = {
				ALWAYS_EMBED_SWIFT_STANDARD_LIBRARIES = YES;
				CODE_SIGN_STYLE = Automatic;
				DEVELOPMENT_TEAM = PXET93P45N;
				INFOPLIST_FILE = WeatherMobileUITests/Info.plist;
				LD_RUNPATH_SEARCH_PATHS = (
					"$(inherited)",
					"@executable_path/Frameworks",
					"@loader_path/Frameworks",
				);
				PRODUCT_BUNDLE_IDENTIFIER = WM.WeatherMobileUITests;
				PRODUCT_NAME = "$(TARGET_NAME)";
				SWIFT_VERSION = 4.0;
				TARGETED_DEVICE_FAMILY = "1,2";
				TEST_TARGET_NAME = WeatherMobile;
			};
			name = Debug;
		};
		C36BA3E120915E56003EED7C /* Release */ = {
			isa = XCBuildConfiguration;
			baseConfigurationReference = 6EC4308284FADE472564B403 /* Pods-WeatherMobileUITests.release.xcconfig */;
			buildSettings = {
				ALWAYS_EMBED_SWIFT_STANDARD_LIBRARIES = YES;
				CODE_SIGN_STYLE = Automatic;
				DEVELOPMENT_TEAM = PXET93P45N;
				INFOPLIST_FILE = WeatherMobileUITests/Info.plist;
				LD_RUNPATH_SEARCH_PATHS = (
					"$(inherited)",
					"@executable_path/Frameworks",
					"@loader_path/Frameworks",
				);
				PRODUCT_BUNDLE_IDENTIFIER = WM.WeatherMobileUITests;
				PRODUCT_NAME = "$(TARGET_NAME)";
				SWIFT_VERSION = 4.0;
				TARGETED_DEVICE_FAMILY = "1,2";
				TEST_TARGET_NAME = WeatherMobile;
			};
			name = Release;
		};
/* End XCBuildConfiguration section */

/* Begin XCConfigurationList section */
		C36BA3AC20915E53003EED7C /* Build configuration list for PBXProject "WeatherMobile" */ = {
			isa = XCConfigurationList;
			buildConfigurations = (
				C36BA3D720915E56003EED7C /* Debug */,
				C36BA3D820915E56003EED7C /* Release */,
			);
			defaultConfigurationIsVisible = 0;
			defaultConfigurationName = Release;
		};
		C36BA3D920915E56003EED7C /* Build configuration list for PBXNativeTarget "WeatherMobile" */ = {
			isa = XCConfigurationList;
			buildConfigurations = (
				C36BA3DA20915E56003EED7C /* Debug */,
				C36BA3DB20915E56003EED7C /* Release */,
			);
			defaultConfigurationIsVisible = 0;
			defaultConfigurationName = Release;
		};
		C36BA3DC20915E56003EED7C /* Build configuration list for PBXNativeTarget "WeatherMobileTests" */ = {
			isa = XCConfigurationList;
			buildConfigurations = (
				C36BA3DD20915E56003EED7C /* Debug */,
				C36BA3DE20915E56003EED7C /* Release */,
			);
			defaultConfigurationIsVisible = 0;
			defaultConfigurationName = Release;
		};
		C36BA3DF20915E56003EED7C /* Build configuration list for PBXNativeTarget "WeatherMobileUITests" */ = {
			isa = XCConfigurationList;
			buildConfigurations = (
				C36BA3E020915E56003EED7C /* Debug */,
				C36BA3E120915E56003EED7C /* Release */,
			);
			defaultConfigurationIsVisible = 0;
			defaultConfigurationName = Release;
		};
/* End XCConfigurationList section */
	};
	rootObject = C36BA3A920915E53003EED7C /* Project object */;
}
